# THIS IS AN AUTOGENERATED FILE. DO NOT EDIT THIS FILE DIRECTLY.
# yarn lockfile v1


commander@^4.0.1:
  version "4.0.1"
  resolved "https://registry.yarnpkg.com/commander/-/commander-4.0.1.tgz#b67622721785993182e807f4883633e6401ba53c"
  integrity sha512-IPF4ouhCP+qdlcmCedhxX4xiGBPyigb8v5NeUp+0LyhwLgxMqyp3S0vl7TAPfS/hiP7FC3caI/PB9lTmP8r1NA==

csv-generate@^3.2.3:
  version "3.2.3"
  resolved "https://registry.yarnpkg.com/csv-generate/-/csv-generate-3.2.3.tgz#24004f21de61c2ea1c4474d3e65a18261f638a80"
  integrity sha512-IcR3K0Nx+nJAkcU2eAglVR7DuHnxcuhUM2w2cR+aHOW7bZp2S5LyN2HF3zTkp6BV/DjR6ykoKznUm+AjnWcOKg==

csv-parse@^4.8.0:
  version "4.8.2"
  resolved "https://registry.yarnpkg.com/csv-parse/-/csv-parse-4.8.2.tgz#c717cc8d87f619dbd556d5a15222a83b6d7a6d06"
  integrity sha512-WfYwyJepTbjS5jWAWpVskOJ8Z10231HaFw6qJhSjGrpfMPf3yuoRohlasYsP/6/3YgTQcvZpTvoUo37eaei9Fw==

csv-stringify@^5.3.3:
  version "5.3.3"
  resolved "https://registry.yarnpkg.com/csv-stringify/-/csv-stringify-5.3.3.tgz#c4725686a33db9f61e70d87af712285baefebe21"
  integrity sha512-q8Qj+/lN74LRmG7Mg0LauE5WcnJOD5MEGe1gI57IYJCB61KWuEbAFHm1uIPDkI26aqElyBB57SlE2GGwq2EY5A==

csv@^5.3.0:
  version "5.3.0"
  resolved "https://registry.yarnpkg.com/csv/-/csv-5.3.0.tgz#d1ff56847b81d75e91986a08266adc877add4356"
  integrity sha512-Q4Kid1hhScm0ciMVhMMl3gMZaIk0YNJnnpfp7LNXGnvnntjf4BMhB9h15v6A4ftNh7QRc/wPBot9pQgManKAuQ==
  dependencies:
    csv-generate "^3.2.3"
    csv-parse "^4.8.0"
    csv-stringify "^5.3.3"
    stream-transform "^2.0.1"

flat@^5.0.0:
  version "5.0.0"
  resolved "https://registry.yarnpkg.com/flat/-/flat-5.0.0.tgz#dab7d71d60413becb0ac2de9bf4304495e3af6af"
  integrity sha512-6KSMM+cHHzXC/hpldXApL2S8Uz+QZv+tq5o/L0KQYleoG+GcwrnIJhTWC7tCOiKQp8D/fIvryINU1OZCCwevjA==
  dependencies:
    is-buffer "~2.0.4"

is-buffer@~2.0.4:
  version "2.0.4"
  resolved "https://registry.yarnpkg.com/is-buffer/-/is-buffer-2.0.4.tgz#3e572f23c8411a5cfd9557c849e3665e0b290623"
  integrity sha512-Kq1rokWXOPXWuaMAqZiJW4XxsmD9zGx9q4aePabbn3qCRGedtH7Cm+zV8WETitMfu1wdh+Rvd6w5egwSngUX2A==

lodash@^4.17.15:
  version "4.17.15"
  resolved "https://registry.yarnpkg.com/lodash/-/lodash-4.17.15.tgz#b447f6670a0455bbfeedd11392eff330ea097548"
  integrity sha512-8xOcRHvCjnocdS5cpwXQXVzmmh5e5+saE2QGoeQmbKmRS6J3VQppPOIt0MnmE+4xlZoumy0GPG0D0MVIQbNA1A==

mixme@^0.3.1:
  version "0.3.2"
  resolved "https://registry.yarnpkg.com/mixme/-/mixme-0.3.2.tgz#cbda53e3009da0b5035361954232019d776720da"
  integrity sha512-tilCZOvIhRETXJuTmxxpz8mgplF7gmFhcH05JuR/YL+JLO98gLRQ1Mk4XpYQxxbPMKupSOv+Bidw7EKv8wds1w==

stream-transform@^2.0.1:
  version "2.0.1"
  resolved "https://registry.yarnpkg.com/stream-transform/-/stream-transform-2.0.1.tgz#112ef2b4d8b9b517f9a6994b0bf7b946fa4d51bc"
  integrity sha512-GiTcO/rRvZP2R8WPwxmxCFP+Of1yIATuFAmYkvSLDfcD93X2WHiPwdgIqeFT2CvL1gyAsjQvu1nB6RDNQ5b2jw==
  dependencies:
    mixme "^0.3.1"
