PODS:
  - boost-for-react-native (1.63.0)
  - DoubleConversion (1.1.6)
  - FLAnimatedImage (1.0.12)
  - Folly (2016.10.31.00):
    - boost-for-react-native
    - DoubleConversion
    - glog
  - glog (0.3.5)
  - React (0.57.8):
    - React/Core (= 0.57.8)
  - react-native-fast-image (5.1.2):
    - FLAnimatedImage
    - React
    - SDWebImage/Core
    - SDWebImage/GIF
  - react-native-mapbox-gl (6.1.3):
    - React
  - react-native-webview (5.3.0):
    - React
  - React/Core (0.57.8):
    - yoga (= 0.57.8.React)
  - React/DevSupport (0.57.8):
    - React/Core
    - React/RCTWebSocket
  - React/fishhook (0.57.8)
  - React/RCTActionSheet (0.57.8):
    - React/Core
  - React/RCTAnimation (0.57.8):
    - React/Core
  - React/RCTBlob (0.57.8):
    - React/Core
  - React/RCTGeolocation (0.57.8):
    - React/Core
  - React/RCTImage (0.57.8):
    - React/Core
    - React/RCTNetwork
  - React/RCTNetwork (0.57.8):
    - React/Core
  - React/RCTPushNotification (0.57.8):
    - React/Core
  - React/RCTSettings (0.57.8):
    - React/Core
  - React/RCTText (0.57.8):
    - React/Core
  - React/RCTVibration (0.57.8):
    - React/Core
  - React/RCTWebSocket (0.57.8):
    - React/Core
    - React/fishhook
    - React/RCTBlob
  - rn-fetch-blob (0.10.6):
    - React/Core
  - RNGestureHandler (1.0.12):
    - React
  - RNPDF (0.8.1):
    - React
  - RNScreens (1.0.0-alpha.22):
    - React
  - RNVectorIcons (6.2.0):
    - React
  - SDWebImage/Core (4.4.6)
  - SDWebImage/GIF (4.4.6):
    - FLAnimatedImage (~> 1.0)
    - SDWebImage/Core
  - Sentry (4.1.3):
    - Sentry/Core (= 4.1.3)
  - Sentry/Core (4.1.3)
  - SentryReactNative (0.42.0):
    - React
    - Sentry (~> 4.1.3)
  - yoga (0.57.8.React)

DEPENDENCIES:
  - DoubleConversion (from `../node_modules/react-native/third-party-podspecs/DoubleConversion.podspec`)
  - Folly (from `../node_modules/react-native/third-party-podspecs/Folly.podspec`)
  - glog (from `../node_modules/react-native/third-party-podspecs/glog.podspec`)
  - react-native-fast-image (from `../node_modules/react-native-fast-image`)
  - "react-native-mapbox-gl (from `../node_modules/@mapbox/react-native-mapbox-gl`)"
  - react-native-webview (from `../node_modules/react-native-webview`)
  - React/Core (from `../node_modules/react-native`)
  - React/DevSupport (from `../node_modules/react-native`)
  - React/RCTActionSheet (from `../node_modules/react-native`)
  - React/RCTAnimation (from `../node_modules/react-native`)
  - React/RCTBlob (from `../node_modules/react-native`)
  - React/RCTGeolocation (from `../node_modules/react-native`)
  - React/RCTImage (from `../node_modules/react-native`)
  - React/RCTNetwork (from `../node_modules/react-native`)
  - React/RCTPushNotification (from `../node_modules/react-native`)
  - React/RCTSettings (from `../node_modules/react-native`)
  - React/RCTText (from `../node_modules/react-native`)
  - React/RCTVibration (from `../node_modules/react-native`)
  - React/RCTWebSocket (from `../node_modules/react-native`)
  - rn-fetch-blob (from `../node_modules/rn-fetch-blob`)
  - RNGestureHandler (from `../node_modules/react-native-gesture-handler`)
  - RNPDF (from `../node_modules/react-native-view-pdf`)
  - RNScreens (from `../node_modules/react-native-screens`)
  - RNVectorIcons (from `../node_modules/react-native-vector-icons`)
  - SentryReactNative (from `../node_modules/react-native-sentry`)
  - yoga (from `../node_modules/react-native/ReactCommon/yoga/Yoga.podspec`)

SPEC REPOS:
  https://github.com/cocoapods/specs.git:
    - boost-for-react-native
    - FLAnimatedImage
    - SDWebImage
    - Sentry

EXTERNAL SOURCES:
  DoubleConversion:
    :podspec: "../node_modules/react-native/third-party-podspecs/DoubleConversion.podspec"
  Folly:
    :podspec: "../node_modules/react-native/third-party-podspecs/Folly.podspec"
  glog:
    :podspec: "../node_modules/react-native/third-party-podspecs/glog.podspec"
  React:
    :path: "../node_modules/react-native"
  react-native-fast-image:
    :path: "../node_modules/react-native-fast-image"
  react-native-mapbox-gl:
    :path: "../node_modules/@mapbox/react-native-mapbox-gl"
  react-native-webview:
    :path: "../node_modules/react-native-webview"
  rn-fetch-blob:
    :path: "../node_modules/rn-fetch-blob"
  RNGestureHandler:
    :path: "../node_modules/react-native-gesture-handler"
  RNPDF:
    :path: "../node_modules/react-native-view-pdf"
  RNScreens:
    :path: "../node_modules/react-native-screens"
  RNVectorIcons:
    :path: "../node_modules/react-native-vector-icons"
  SentryReactNative:
    :path: "../node_modules/react-native-sentry"
  yoga:
    :path: "../node_modules/react-native/ReactCommon/yoga/Yoga.podspec"

SPEC CHECKSUMS:
  boost-for-react-native: 39c7adb57c4e60d6c5479dd8623128eb5b3f0f2c
  DoubleConversion: bb338842f62ab1d708ceb63ec3d999f0f3d98ecd
  FLAnimatedImage: 4a0b56255d9b05f18b6dd7ee06871be5d3b89e31
  Folly: c89ac2d5c6ab169cd7397ef27485c44f35f742c7
  glog: e8acf0ebbf99759d3ff18c86c292a5898282dcde
  React: adbac0757ce35e92fbd447ab98c810209d27d9b0
  react-native-fast-image: ec7e5a2420a9e63cf9b2925fce7babc580ea8e05
  react-native-mapbox-gl: d0ac3b81a6cadbd7cadc80891da72e3e85379350
  react-native-webview: cca202b9f4d3da2af7743a123e69260d166cc7eb
  rn-fetch-blob: 766f85cabd2992300dfa1be2bc9e4e258abc6f04
  RNGestureHandler: 19864cb399138347461e7c9984ccf684cbf4db1d
  RNPDF: c6e4bb61af77ebe89a8e4b38254ed4f838bff11f
  RNScreens: 720a9e6968beb73e8196239801e887d8401f86ed
  RNVectorIcons: b6b131d2fdc2e240f7aba41296df869141443793
  SDWebImage: 3f3f0c02f09798048c47a5ed0a13f17b063572d8
  Sentry: 4e8a17b61ddd116f89536cc81d567fdee1ebca96
  SentryReactNative: 09d5cc89e8bb5d80cfaf3ae11ed2ecb0a47317d2
  yoga: 74cdf036c30820443b25ade59916236b1e95ee93

PODFILE CHECKSUM: 225414a9a50eff6a04ff5dd3ffbe4c635251b8ad

COCOAPODS: 1.6.1
