# This file is generated by running "yarn install" inside your project.
# Manual changes might be lost - proceed with caution!

__metadata:
  version: 6
  cacheKey: 8

"@babel/runtime@npm:^7.6.0":
  version: 7.17.8
  resolution: "@babel/runtime@npm:7.17.8"
  dependencies:
    regenerator-runtime: ^0.13.4
  checksum: 68d195c1630bb91ac20e86635d292a17ebab7f361cfe79406b3f5a6cc2e59fa283ae5006568899abf869312c2b35b744bd407aea8ffdb650f1a68d07785d47e9
  languageName: node
  linkType: hard

"@cspotcode/source-map-support@npm:^0.8.0":
  version: 0.8.1
  resolution: "@cspotcode/source-map-support@npm:0.8.1"
  dependencies:
    "@jridgewell/trace-mapping": 0.3.9
  checksum: 5718f267085ed8edb3e7ef210137241775e607ee18b77d95aa5bd7514f47f5019aa2d82d96b3bf342ef7aa890a346fa1044532ff7cc3009e7d24fce3ce6200fa
  languageName: node
  linkType: hard

"@jridgewell/resolve-uri@npm:^3.0.3":
  version: 3.1.0
  resolution: "@jridgewell/resolve-uri@npm:3.1.0"
  checksum: b5ceaaf9a110fcb2780d1d8f8d4a0bfd216702f31c988d8042e5f8fbe353c55d9b0f55a1733afdc64806f8e79c485d2464680ac48a0d9fcadb9548ee6b81d267
  languageName: node
  linkType: hard

"@jridgewell/sourcemap-codec@npm:^1.4.10":
  version: 1.4.14
  resolution: "@jridgewell/sourcemap-codec@npm:1.4.14"
  checksum: 61100637b6d173d3ba786a5dff019e1a74b1f394f323c1fee337ff390239f053b87266c7a948777f4b1ee68c01a8ad0ab61e5ff4abb5a012a0b091bec391ab97
  languageName: node
  linkType: hard

"@jridgewell/trace-mapping@npm:0.3.9":
  version: 0.3.9
  resolution: "@jridgewell/trace-mapping@npm:0.3.9"
  dependencies:
    "@jridgewell/resolve-uri": ^3.0.3
    "@jridgewell/sourcemap-codec": ^1.4.10
  checksum: d89597752fd88d3f3480845691a05a44bd21faac18e2185b6f436c3b0fd0c5a859fbbd9aaa92050c4052caf325ad3e10e2e1d1b64327517471b7d51babc0ddef
  languageName: node
  linkType: hard

"@octokit/auth-app@npm:^4.0.4":
  version: 4.0.4
  resolution: "@octokit/auth-app@npm:4.0.4"
  dependencies:
    "@octokit/auth-oauth-app": ^5.0.0
    "@octokit/auth-oauth-user": ^2.0.0
    "@octokit/request": ^6.0.0
    "@octokit/request-error": ^3.0.0
    "@octokit/types": ^6.0.3
    "@types/lru-cache": ^5.1.0
    deprecation: ^2.3.1
    lru-cache: ^6.0.0
    universal-github-app-jwt: ^1.0.1
    universal-user-agent: ^6.0.0
  checksum: 94c399d15e1cab734b2a024726cef8c91a266e07bcdb8d8373451bb4c6136458f4c6edd3f844f04b1abf0a6759948110cb87930d6210e0dd82d31b40b8ca2f43
  languageName: node
  linkType: hard

"@octokit/auth-oauth-app@npm:^5.0.0":
  version: 5.0.1
  resolution: "@octokit/auth-oauth-app@npm:5.0.1"
  dependencies:
    "@octokit/auth-oauth-device": ^4.0.0
    "@octokit/auth-oauth-user": ^2.0.0
    "@octokit/request": ^5.6.3
    "@octokit/types": ^6.0.3
    "@types/btoa-lite": ^1.0.0
    btoa-lite: ^1.0.0
    universal-user-agent: ^6.0.0
  checksum: 8e499a071fa0452805e17cdbeb2df58dab9e2ef5d3a2b3d643c529f86d1048ca5cf629fb573b69894d57af0b8528edf13bef669e7fa399511879833840c8ed02
  languageName: node
  linkType: hard

"@octokit/auth-oauth-device@npm:^4.0.0":
  version: 4.0.0
  resolution: "@octokit/auth-oauth-device@npm:4.0.0"
  dependencies:
    "@octokit/oauth-methods": ^2.0.0
    "@octokit/request": ^6.0.0
    "@octokit/types": ^6.10.0
    universal-user-agent: ^6.0.0
  checksum: 171304f616edf860dcf6980f90bad8bbefb9c093107241791fee7f6d8dcd708dd7c52c601299b37038b53108b874c8d164fffcaa206eecd13b2f9babc60e2f66
  languageName: node
  linkType: hard

"@octokit/auth-oauth-user@npm:^2.0.0":
  version: 2.0.2
  resolution: "@octokit/auth-oauth-user@npm:2.0.2"
  dependencies:
    "@octokit/auth-oauth-device": ^4.0.0
    "@octokit/oauth-methods": ^2.0.0
    "@octokit/request": ^6.0.0
    "@octokit/types": ^6.12.2
    btoa-lite: ^1.0.0
    universal-user-agent: ^6.0.0
  checksum: d92c13a690230ca841f8e2f8acd9cc28c4d55f76c488c07531b1d25d1b6ed133ccae7ea722b9d749ce36f961f8c5785f68e5bdd0a682d437018a25353e5d01d0
  languageName: node
  linkType: hard

"@octokit/auth-token@npm:^3.0.0":
  version: 3.0.0
  resolution: "@octokit/auth-token@npm:3.0.0"
  dependencies:
    "@octokit/types": ^6.0.3
  checksum: 70dc50385ae25e26ea23782a6730ac680a241a4c6bd401a88c1b4820d6f14a333c6a0e6c10a3a998d1909f95725e8df4477fb6c9e32ff13e056f6324cfebc3bb
  languageName: node
  linkType: hard

"@octokit/core@npm:^4.0.0":
  version: 4.0.4
  resolution: "@octokit/core@npm:4.0.4"
  dependencies:
    "@octokit/auth-token": ^3.0.0
    "@octokit/graphql": ^5.0.0
    "@octokit/request": ^6.0.0
    "@octokit/request-error": ^3.0.0
    "@octokit/types": ^6.0.3
    before-after-hook: ^2.2.0
    universal-user-agent: ^6.0.0
  checksum: c9ae1e5706ab568a725cc5dba314049fbd37d77f1595dd2c19733abddfd72f4e1d46d6980e212d845dde4625ce5f170af951ac0eb0d7bc09e56a159b88cbe5dd
  languageName: node
  linkType: hard

"@octokit/endpoint@npm:^6.0.1":
  version: 6.0.8
  resolution: "@octokit/endpoint@npm:6.0.8"
  dependencies:
    "@octokit/types": ^5.0.0
    is-plain-object: ^5.0.0
    universal-user-agent: ^6.0.0
  checksum: 05473e5f8868af8a9d6cec9411539adf36aadb7adc1bdbe1d51e3100c66593cc16ed839d998257360d8fa8816b3e4c2389f2690b7df2ee3f12711f453a7afea0
  languageName: node
  linkType: hard

"@octokit/endpoint@npm:^7.0.0":
  version: 7.0.0
  resolution: "@octokit/endpoint@npm:7.0.0"
  dependencies:
    "@octokit/types": ^6.0.3
    is-plain-object: ^5.0.0
    universal-user-agent: ^6.0.0
  checksum: e6d7a2876c4a09852e671074b34f0a70722866e60bc218e475d2bdce7dea17de275dcd01f34c381bcc21d77def915c25a2f46e21f65a8d12aa4c6e418e5e01e2
  languageName: node
  linkType: hard

"@octokit/graphql@npm:^5.0.0":
  version: 5.0.0
  resolution: "@octokit/graphql@npm:5.0.0"
  dependencies:
    "@octokit/request": ^6.0.0
    "@octokit/types": ^6.0.3
    universal-user-agent: ^6.0.0
  checksum: 94c3f4fb6ff6dd6151a8ba6d8a2397329eedd5c30d1119b70d2be84add12efb4405ae0af9111f06dd047fc02d12063263357e53b4d04d3ab1ae2c07717ddfef5
  languageName: node
  linkType: hard

"@octokit/oauth-authorization-url@npm:^5.0.0":
  version: 5.0.0
  resolution: "@octokit/oauth-authorization-url@npm:5.0.0"
  checksum: bc457c4af9559e9e8f752e643fc9d116247f4e4246e69959d99b9e39196c93d7af53c1c8e3bd946bd0e4fc29f7ba27efe9bced8525ffa41fe45ef56a8281014b
  languageName: node
  linkType: hard

"@octokit/oauth-methods@npm:^2.0.0":
  version: 2.0.2
  resolution: "@octokit/oauth-methods@npm:2.0.2"
  dependencies:
    "@octokit/oauth-authorization-url": ^5.0.0
    "@octokit/request": ^6.0.0
    "@octokit/request-error": ^3.0.0
    "@octokit/types": ^6.12.2
    btoa-lite: ^1.0.0
  checksum: 008b0fc52b175fee8ff7d0505ff86bf4e4bc1b69d2c3e6dff9f5a3abbdaefc4730d624ebbc8df8366b7639f9543037d1d22a1ffae180a429182721e8a106d737
  languageName: node
  linkType: hard

"@octokit/openapi-types@npm:^11.2.0":
  version: 11.2.0
  resolution: "@octokit/openapi-types@npm:11.2.0"
  checksum: eb373ea496bc96bf0233505a0916eb38cb193d1829cab935e1cf1fd21839c402a1d835d3c0326290c756c0ed980a64d0ae73ad3c5d5decde9000f0828aa7ff52
  languageName: node
  linkType: hard

"@octokit/openapi-types@npm:^12.7.0":
  version: 12.8.0
  resolution: "@octokit/openapi-types@npm:12.8.0"
  checksum: 66058ebb9aabfeafaf61cd205487edd14b8f3eac7c6aa796cd7489fe948657912514d9b02918c1bca9d88a07dbb2deed5763e2ca61a6a8f6503caee32429a7b1
  languageName: node
  linkType: hard

"@octokit/plugin-paginate-rest@npm:^3.0.0":
  version: 3.0.0
  resolution: "@octokit/plugin-paginate-rest@npm:3.0.0"
  dependencies:
    "@octokit/types": ^6.39.0
  peerDependencies:
    "@octokit/core": ">=4"
  checksum: 1d2c900254f3dcd43f7ba69dfd12ff63f93a0d39a1bf542b1d0f006e95da4924ae0a26044c864ad7fb0309047f44becaf76293aae334d14c946910d65edd2523
  languageName: node
  linkType: hard

"@octokit/plugin-request-log@npm:^1.0.4":
  version: 1.0.4
  resolution: "@octokit/plugin-request-log@npm:1.0.4"
  peerDependencies:
    "@octokit/core": ">=3"
  checksum: 2086db00056aee0f8ebd79797b5b57149ae1014e757ea08985b71eec8c3d85dbb54533f4fd34b6b9ecaa760904ae6a7536be27d71e50a3782ab47809094bfc0c
  languageName: node
  linkType: hard

"@octokit/plugin-rest-endpoint-methods@npm:^6.0.0":
  version: 6.0.1
  resolution: "@octokit/plugin-rest-endpoint-methods@npm:6.0.1"
  dependencies:
    "@octokit/types": ^6.39.0
    deprecation: ^2.3.1
  peerDependencies:
    "@octokit/core": ">=3"
  checksum: 115110d83fff72bdfba3fd50270a350f01bbb40dbe28cf845622424ee0d75499c4f6b315affc88e862e1d8a4db6f84f99351d55b13b5b236adedf8ed0af86be4
  languageName: node
  linkType: hard

"@octokit/request-error@npm:^2.1.0":
  version: 2.1.0
  resolution: "@octokit/request-error@npm:2.1.0"
  dependencies:
    "@octokit/types": ^6.0.3
    deprecation: ^2.0.0
    once: ^1.4.0
  checksum: baec2b5700498be01b4d958f9472cb776b3f3b0ea52924323a07e7a88572e24cac2cdf7eb04a0614031ba346043558b47bea2d346e98f0e8385b4261f138ef18
  languageName: node
  linkType: hard

"@octokit/request-error@npm:^3.0.0":
  version: 3.0.0
  resolution: "@octokit/request-error@npm:3.0.0"
  dependencies:
    "@octokit/types": ^6.0.3
    deprecation: ^2.0.0
    once: ^1.4.0
  checksum: 5778904ed5421e955107eb7fd2ed1655f3eb1bf3f6433278a5382efa2dd02082c35c2454cdc8818c88c9feef71f08489abdefee376dd51eac9caf72b133ec176
  languageName: node
  linkType: hard

"@octokit/request@npm:^5.6.3":
  version: 5.6.3
  resolution: "@octokit/request@npm:5.6.3"
  dependencies:
    "@octokit/endpoint": ^6.0.1
    "@octokit/request-error": ^2.1.0
    "@octokit/types": ^6.16.1
    is-plain-object: ^5.0.0
    node-fetch: ^2.6.7
    universal-user-agent: ^6.0.0
  checksum: c0b4542eb4baaf880d673c758d3e0b5c4a625a4ae30abf40df5548b35f1ff540edaac74625192b1aff42a79ac661e774da4ab7d5505f1cb4ef81239b1e8510c5
  languageName: node
  linkType: hard

"@octokit/request@npm:^6.0.0":
  version: 6.1.0
  resolution: "@octokit/request@npm:6.1.0"
  dependencies:
    "@octokit/endpoint": ^7.0.0
    "@octokit/request-error": ^3.0.0
    "@octokit/types": ^6.16.1
    is-plain-object: ^5.0.0
    node-fetch: ^2.6.7
    universal-user-agent: ^6.0.0
  checksum: d1bea495f85a5c62197ba385ba8ff3891d339932f0bc0030637d6fafa9be43eab5e100faeb278e962b06a4214b5546709fd165b1cd6b4a937acd25b5e5409d58
  languageName: node
  linkType: hard

"@octokit/rest@npm:^19.0.3":
  version: 19.0.3
  resolution: "@octokit/rest@npm:19.0.3"
  dependencies:
    "@octokit/core": ^4.0.0
    "@octokit/plugin-paginate-rest": ^3.0.0
    "@octokit/plugin-request-log": ^1.0.4
    "@octokit/plugin-rest-endpoint-methods": ^6.0.0
  checksum: 9ee96976c4c22dab11b3dacd541e694f3ad9bb1d44243985dc90ce6e8a42c3e3176a206e8d3a883b63b517fc15af8c8c88d8d0ecd9bac2b86a635a9667fc6ff4
  languageName: node
  linkType: hard

"@octokit/types@npm:^5.0.0":
  version: 5.5.0
  resolution: "@octokit/types@npm:5.5.0"
  dependencies:
    "@types/node": ">= 8"
  checksum: f17f37c2b51837680afb313335828013e95618ecd6ba1500fa513f932657b040e9facfdebbf81f4a92789eefe7e170d452de4e7c68ead0ffc23137e9cf98c177
  languageName: node
  linkType: hard

"@octokit/types@npm:^6.0.3, @octokit/types@npm:^6.10.0, @octokit/types@npm:^6.12.2, @octokit/types@npm:^6.16.1":
  version: 6.34.0
  resolution: "@octokit/types@npm:6.34.0"
  dependencies:
    "@octokit/openapi-types": ^11.2.0
  checksum: f122b9aee8f6baddd515e34a0913e73b21d4bc82d6ee59d77a8aaf01b4a02c10867dd013003d087a83dc96db23511893669015af6d30c27cece185e21cf1df89
  languageName: node
  linkType: hard

"@octokit/types@npm:^6.39.0":
  version: 6.39.0
  resolution: "@octokit/types@npm:6.39.0"
  dependencies:
    "@octokit/openapi-types": ^12.7.0
  checksum: 0e3d55e4bdef41e652a2e99a304cebada90f23a90619c49ab892a76ae908c4281316738453348c9ba30b32250ef5eda0a939c2af3aec5ca808acdf9922da420c
  languageName: node
  linkType: hard

"@postman/form-data@npm:~3.1.1":
  version: 3.1.1
  resolution: "@postman/form-data@npm:3.1.1"
  dependencies:
    asynckit: ^0.4.0
    combined-stream: ^1.0.8
    mime-types: ^2.1.12
  checksum: c8b9bb73efa2dec39eb77d0e235fc9012000a00f8803ff398aa560ced6d6854ae63fcc732aeedd1cb89648d7b47c3a0ddaae170bfe267a440560154114036798
  languageName: node
  linkType: hard

"@postman/tunnel-agent@npm:^0.6.3":
  version: 0.6.3
  resolution: "@postman/tunnel-agent@npm:0.6.3"
  dependencies:
    safe-buffer: ^5.0.1
  checksum: 99bf9168625a302827479114a1a98079617c4f156bdcec0ee978be1350a5dae1d9b85106d8743f9bfa500cfd93720875e4051213474d3a46827ed5a4f4ae8e78
  languageName: node
  linkType: hard

"@tsconfig/node10@npm:^1.0.7":
  version: 1.0.9
  resolution: "@tsconfig/node10@npm:1.0.9"
  checksum: a33ae4dc2a621c0678ac8ac4bceb8e512ae75dac65417a2ad9b022d9b5411e863c4c198b6ba9ef659e14b9fb609bbec680841a2e84c1172df7a5ffcf076539df
  languageName: node
  linkType: hard

"@tsconfig/node12@npm:^1.0.7":
  version: 1.0.11
  resolution: "@tsconfig/node12@npm:1.0.11"
  checksum: 5ce29a41b13e7897a58b8e2df11269c5395999e588b9a467386f99d1d26f6c77d1af2719e407621412520ea30517d718d5192a32403b8dfcc163bf33e40a338a
  languageName: node
  linkType: hard

"@tsconfig/node14@npm:^1.0.0":
  version: 1.0.3
  resolution: "@tsconfig/node14@npm:1.0.3"
  checksum: 19275fe80c4c8d0ad0abed6a96dbf00642e88b220b090418609c4376e1cef81bf16237bf170ad1b341452feddb8115d8dd2e5acdfdea1b27422071163dc9ba9d
  languageName: node
  linkType: hard

"@tsconfig/node16@npm:^1.0.2":
  version: 1.0.3
  resolution: "@tsconfig/node16@npm:1.0.3"
  checksum: 3a8b657dd047495b7ad23437d6afd20297ce90380ff0bdee93fc7d39a900dbd8d9e26e53ff6b465e7967ce2adf0b218782590ce9013285121e6a5928fbd6819f
  languageName: node
  linkType: hard

"@types/btoa-lite@npm:^1.0.0":
  version: 1.0.0
  resolution: "@types/btoa-lite@npm:1.0.0"
  checksum: 4d0c3c36cc8aa5669d286d62ca45d925e3ea0db75222ebacb0d9f4fd7822b8e162da8773887e045c11d64c42373807d2ab2ad97a5d8a683d2e1c981e6a05ce33
  languageName: node
  linkType: hard

"@types/caseless@npm:*":
  version: 0.12.2
  resolution: "@types/caseless@npm:0.12.2"
  checksum: 430d15911184ad11e0a8aa21d1ec15fcc93b90b63570c37bf16ebd34457482bfc8de3f5eb6771e0ef986ce183270d4297823b0f492c346255967e78f7292388b
  languageName: node
  linkType: hard

"@types/jira-client@npm:^7.1.4":
  version: 7.1.4
  resolution: "@types/jira-client@npm:7.1.4"
  dependencies:
    "@types/node": "*"
    "@types/request": "*"
  checksum: 5e69783bd3826f98fcdeab343909b1bce260857580101672b47804cb007d872884c2a09b8f48d5adf2698a3451f60e22a50e84f7ff7c135051ea64a43abab58f
  languageName: node
  linkType: hard

"@types/js-yaml@npm:^4.0.3":
  version: 4.0.5
  resolution: "@types/js-yaml@npm:4.0.5"
  checksum: 7dcac8c50fec31643cc9d6444b5503239a861414cdfaa7ae9a38bc22597c4d850c4b8cec3d82d73b3fbca408348ce223b0408d598b32e094470dfffc6d486b4d
  languageName: node
  linkType: hard

"@types/jsonwebtoken@npm:^8.3.3":
  version: 8.5.0
  resolution: "@types/jsonwebtoken@npm:8.5.0"
  dependencies:
    "@types/node": "*"
  checksum: e8f9ab96ec5cf76195c0d31cf555371824b673939064efec698ca99525ce46476af54debd1f66bd732e6079e134848b97163797009c4b47a767448a0c6ddaeda
  languageName: node
  linkType: hard

"@types/lru-cache@npm:^5.1.0":
  version: 5.1.0
  resolution: "@types/lru-cache@npm:5.1.0"
  checksum: fc255bfe7740ede1161978bd2f7a007d9ebd9b6397cfef3bf60130102ab9f6304a680cd41a20d112fd420022a66293be89df659bacfcd66a4a36562168358e22
  languageName: node
  linkType: hard

"@types/node-fetch@npm:^2.6.2":
  version: 2.6.2
  resolution: "@types/node-fetch@npm:2.6.2"
  dependencies:
    "@types/node": "*"
    form-data: ^3.0.0
  checksum: 6f73b1470000d303d25a6fb92875ea837a216656cb7474f66cdd67bb014aa81a5a11e7ac9c21fe19bee9ecb2ef87c1962bceeaec31386119d1ac86e4c30ad7a6
  languageName: node
  linkType: hard

"@types/node@npm:*, @types/node@npm:>= 8":
  version: 14.11.8
  resolution: "@types/node@npm:14.11.8"
  checksum: a2d533471bf9fbb35b4d3b06b9a16412b15e58e717943535bbb3a1f51b9549c1fd4d7925f6e220462a00c2152a91193fafe90c5746eae809045f813ff2c33c97
  languageName: node
  linkType: hard

"@types/node@npm:^18.0.3":
  version: 18.0.3
  resolution: "@types/node@npm:18.0.3"
  checksum: 5dec59fbbc1186c808b53df1ca717dad034dbd6a901c75f5b052c845618b531b05f27217122c6254db99529a68618e4cfc534ae3dbf4e88754e9e572df80defa
  languageName: node
  linkType: hard

"@types/request@npm:*":
  version: 2.48.8
  resolution: "@types/request@npm:2.48.8"
  dependencies:
    "@types/caseless": "*"
    "@types/node": "*"
    "@types/tough-cookie": "*"
    form-data: ^2.5.0
  checksum: 0b7754941e08205dce51635d894ec524df276d2b83ca13b9aab723f9281acecf1108841e9554494cb1cb60f6d6ddbb47ebea97392bcf2bf607f035b3a9b4af45
  languageName: node
  linkType: hard

"@types/tough-cookie@npm:*":
  version: 4.0.1
  resolution: "@types/tough-cookie@npm:4.0.1"
  checksum: 7570c1c2d74201f4ead3512cf8e4c99e97d92ab8a02ae2fb987fd720ced0ca1a2baf250c98a861a170b86762606c9bf6d32207675f13dffc5ab75c08c96578d2
  languageName: node
  linkType: hard

"acorn-walk@npm:^8.1.1":
  version: 8.2.0
  resolution: "acorn-walk@npm:8.2.0"
  checksum: 1715e76c01dd7b2d4ca472f9c58968516a4899378a63ad5b6c2d668bba8da21a71976c14ec5f5b75f887b6317c4ae0b897ab141c831d741dc76024d8745f1ad1
  languageName: node
  linkType: hard

"acorn@npm:^8.4.1":
  version: 8.7.1
  resolution: "acorn@npm:8.7.1"
  bin:
    acorn: bin/acorn
  checksum: aca0aabf98826717920ac2583fdcad0a6fbe4e583fdb6e843af2594e907455aeafe30b1e14f1757cd83ce1776773cf8296ffc3a4acf13f0bd3dfebcf1db6ae80
  languageName: node
  linkType: hard

"ajv@npm:^6.12.3":
  version: 6.12.6
  resolution: "ajv@npm:6.12.6"
  dependencies:
    fast-deep-equal: ^3.1.1
    fast-json-stable-stringify: ^2.0.0
    json-schema-traverse: ^0.4.1
    uri-js: ^4.2.2
  checksum: 874972efe5c4202ab0a68379481fbd3d1b5d0a7bd6d3cc21d40d3536ebff3352a2a1fabb632d4fd2cc7fe4cbdcd5ed6782084c9bbf7f32a1536d18f9da5007d4
  languageName: node
  linkType: hard

"arg@npm:^4.1.0":
  version: 4.1.3
  resolution: "arg@npm:4.1.3"
  checksum: 544af8dd3f60546d3e4aff084d451b96961d2267d668670199692f8d054f0415d86fc5497d0e641e91546f0aa920e7c29e5250e99fc89f5552a34b5d93b77f43
  languageName: node
  linkType: hard

"argparse@npm:^2.0.1":
  version: 2.0.1
  resolution: "argparse@npm:2.0.1"
  checksum: 83644b56493e89a254bae05702abf3a1101b4fa4d0ca31df1c9985275a5a5bd47b3c27b7fa0b71098d41114d8ca000e6ed90cad764b306f8a503665e4d517ced
  languageName: node
  linkType: hard

"asn1@npm:~0.2.3":
  version: 0.2.6
  resolution: "asn1@npm:0.2.6"
  dependencies:
    safer-buffer: ~2.1.0
  checksum: 39f2ae343b03c15ad4f238ba561e626602a3de8d94ae536c46a4a93e69578826305366dc09fbb9b56aec39b4982a463682f259c38e59f6fa380cd72cd61e493d
  languageName: node
  linkType: hard

"assert-plus@npm:1.0.0, assert-plus@npm:^1.0.0":
  version: 1.0.0
  resolution: "assert-plus@npm:1.0.0"
  checksum: 19b4340cb8f0e6a981c07225eacac0e9d52c2644c080198765d63398f0075f83bbc0c8e95474d54224e297555ad0d631c1dcd058adb1ddc2437b41a6b424ac64
  languageName: node
  linkType: hard

"asynckit@npm:^0.4.0":
  version: 0.4.0
  resolution: "asynckit@npm:0.4.0"
  checksum: 7b78c451df768adba04e2d02e63e2d0bf3b07adcd6e42b4cf665cb7ce899bedd344c69a1dcbce355b5f972d597b25aaa1c1742b52cffd9caccb22f348114f6be
  languageName: node
  linkType: hard

"aws-sign2@npm:~0.7.0":
  version: 0.7.0
  resolution: "aws-sign2@npm:0.7.0"
  checksum: b148b0bb0778098ad8cf7e5fc619768bcb51236707ca1d3e5b49e41b171166d8be9fdc2ea2ae43d7decf02989d0aaa3a9c4caa6f320af95d684de9b548a71525
  languageName: node
  linkType: hard

"aws4@npm:^1.8.0":
  version: 1.11.0
  resolution: "aws4@npm:1.11.0"
  checksum: 5a00d045fd0385926d20ebebcfba5ec79d4482fe706f63c27b324d489a04c68edb0db99ed991e19eda09cb8c97dc2452059a34d97545cebf591d7a2b5a10999f
  languageName: node
  linkType: hard

"base64-js@npm:^1.1.2":
  version: 1.5.1
  resolution: "base64-js@npm:1.5.1"
  checksum: 669632eb3745404c2f822a18fc3a0122d2f9a7a13f7fb8b5823ee19d1d2ff9ee5b52c53367176ea4ad093c332fd5ab4bd0ebae5a8e27917a4105a4cfc86b1005
  languageName: node
  linkType: hard

"bcrypt-pbkdf@npm:^1.0.0":
  version: 1.0.2
  resolution: "bcrypt-pbkdf@npm:1.0.2"
  dependencies:
    tweetnacl: ^0.14.3
  checksum: 4edfc9fe7d07019609ccf797a2af28351736e9d012c8402a07120c4453a3b789a15f2ee1530dc49eee8f7eb9379331a8dd4b3766042b9e502f74a68e7f662291
  languageName: node
  linkType: hard

"before-after-hook@npm:^2.2.0":
  version: 2.2.2
  resolution: "before-after-hook@npm:2.2.2"
  checksum: dc2e1ffe389e5afbef2a46790b1b5a50247ed57aba67649cfa9ec2552d248cc9278f222e72fb5a8ff59bbb39d78fbaa97e7234ead0c6b5e8418b67a8644ce207
  languageName: node
  linkType: hard

"bluebird@npm:^2.6.2":
  version: 2.11.0
  resolution: "bluebird@npm:2.11.0"
  checksum: f1c6cbec64100bca65c88e5de0d9ee9bbb435f7c74c68a16a9466a8b40daf64346805c2fe04af821564ce6d4199085e7855d2e272282a065eb723344815cc354
  languageName: node
  linkType: hard

"brotli@npm:~1.3.2":
  version: 1.3.2
  resolution: "brotli@npm:1.3.2"
  dependencies:
    base64-js: ^1.1.2
  checksum: d1b0ddcf67c0975aaa64ccce22a936d94dc815386f8205e6354f1bba676b8e760724185ff2d830552605de357c0fb55af8d5f3433a3d01709ce6b65a563ef4d8
  languageName: node
  linkType: hard

"btoa-lite@npm:^1.0.0":
  version: 1.0.0
  resolution: "btoa-lite@npm:1.0.0"
  checksum: c2d61993b801f8e35a96f20692a45459c753d9baa29d86d1343e714f8d6bbe7069f1a20a5ae868488f3fb137d5bd0c560f6fbbc90b5a71050919d2d2c97c0475
  languageName: node
  linkType: hard

"buffer-equal-constant-time@npm:1.0.1":
  version: 1.0.1
  resolution: "buffer-equal-constant-time@npm:1.0.1"
  checksum: 80bb945f5d782a56f374b292770901065bad21420e34936ecbe949e57724b4a13874f735850dd1cc61f078773c4fb5493a41391e7bda40d1fa388d6bd80daaab
  languageName: node
  linkType: hard

"caseless@npm:~0.12.0":
  version: 0.12.0
  resolution: "caseless@npm:0.12.0"
  checksum: b43bd4c440aa1e8ee6baefee8063b4850fd0d7b378f6aabc796c9ec8cb26d27fb30b46885350777d9bd079c5256c0e1329ad0dc7c2817e0bb466810ebb353751
  languageName: node
  linkType: hard

"combined-stream@npm:^1.0.6, combined-stream@npm:^1.0.8, combined-stream@npm:~1.0.6":
  version: 1.0.8
  resolution: "combined-stream@npm:1.0.8"
  dependencies:
    delayed-stream: ~1.0.0
  checksum: 49fa4aeb4916567e33ea81d088f6584749fc90c7abec76fd516bf1c5aa5c79f3584b5ba3de6b86d26ddd64bae5329c4c7479343250cfe71c75bb366eae53bb7c
  languageName: node
  linkType: hard

"commander@npm:^8.3.0":
  version: 8.3.0
  resolution: "commander@npm:8.3.0"
  checksum: 0f82321821fc27b83bd409510bb9deeebcfa799ff0bf5d102128b500b7af22872c0c92cb6a0ebc5a4cf19c6b550fba9cedfa7329d18c6442a625f851377bacf0
  languageName: node
  linkType: hard

"core-util-is@npm:1.0.2":
  version: 1.0.2
  resolution: "core-util-is@npm:1.0.2"
  checksum: 7a4c925b497a2c91421e25bf76d6d8190f0b2359a9200dbeed136e63b2931d6294d3b1893eda378883ed363cd950f44a12a401384c609839ea616befb7927dab
  languageName: node
  linkType: hard

"create-require@npm:^1.1.0":
  version: 1.1.1
  resolution: "create-require@npm:1.1.1"
  checksum: a9a1503d4390d8b59ad86f4607de7870b39cad43d929813599a23714831e81c520bddf61bcdd1f8e30f05fd3a2b71ae8538e946eb2786dc65c2bbc520f692eff
  languageName: node
  linkType: hard

"dashdash@npm:^1.12.0":
  version: 1.14.1
  resolution: "dashdash@npm:1.14.1"
  dependencies:
    assert-plus: ^1.0.0
  checksum: 3634c249570f7f34e3d34f866c93f866c5b417f0dd616275decae08147dcdf8fccfaa5947380ccfb0473998ea3a8057c0b4cd90c875740ee685d0624b2983598
  languageName: node
  linkType: hard

"delayed-stream@npm:~1.0.0":
  version: 1.0.0
  resolution: "delayed-stream@npm:1.0.0"
  checksum: 46fe6e83e2cb1d85ba50bd52803c68be9bd953282fa7096f51fc29edd5d67ff84ff753c51966061e5ba7cb5e47ef6d36a91924eddb7f3f3483b1c560f77a0020
  languageName: node
  linkType: hard

"deprecation@npm:^2.0.0, deprecation@npm:^2.3.1":
  version: 2.3.1
  resolution: "deprecation@npm:2.3.1"
  checksum: f56a05e182c2c195071385455956b0c4106fe14e36245b00c689ceef8e8ab639235176a96977ba7c74afb173317fac2e0ec6ec7a1c6d1e6eaa401c586c714132
  languageName: node
  linkType: hard

"diff@npm:^4.0.1":
  version: 4.0.2
  resolution: "diff@npm:4.0.2"
  checksum: f2c09b0ce4e6b301c221addd83bf3f454c0bc00caa3dd837cf6c127d6edf7223aa2bbe3b688feea110b7f262adbfc845b757c44c8a9f8c0c5b15d8fa9ce9d20d
  languageName: node
  linkType: hard

"ecc-jsbn@npm:~0.1.1":
  version: 0.1.2
  resolution: "ecc-jsbn@npm:0.1.2"
  dependencies:
    jsbn: ~0.1.0
    safer-buffer: ^2.1.0
  checksum: 22fef4b6203e5f31d425f5b711eb389e4c6c2723402e389af394f8411b76a488fa414d309d866e2b577ce3e8462d344205545c88a8143cc21752a5172818888a
  languageName: node
  linkType: hard

"ecdsa-sig-formatter@npm:1.0.11":
  version: 1.0.11
  resolution: "ecdsa-sig-formatter@npm:1.0.11"
  dependencies:
    safe-buffer: ^5.0.1
  checksum: 207f9ab1c2669b8e65540bce29506134613dd5f122cccf1e6a560f4d63f2732d427d938f8481df175505aad94583bcb32c688737bb39a6df0625f903d6d93c03
  languageName: node
  linkType: hard

"extend@npm:~3.0.2":
  version: 3.0.2
  resolution: "extend@npm:3.0.2"
  checksum: a50a8309ca65ea5d426382ff09f33586527882cf532931cb08ca786ea3146c0553310bda688710ff61d7668eba9f96b923fe1420cdf56a2c3eaf30fcab87b515
  languageName: node
  linkType: hard

"extsprintf@npm:1.3.0":
  version: 1.3.0
  resolution: "extsprintf@npm:1.3.0"
  checksum: cee7a4a1e34cffeeec18559109de92c27517e5641991ec6bab849aa64e3081022903dd53084f2080d0d2530803aa5ee84f1e9de642c365452f9e67be8f958ce2
  languageName: node
  linkType: hard

"extsprintf@npm:^1.2.0":
  version: 1.4.1
  resolution: "extsprintf@npm:1.4.1"
  checksum: a2f29b241914a8d2bad64363de684821b6b1609d06ae68d5b539e4de6b28659715b5bea94a7265201603713b7027d35399d10b0548f09071c5513e65e8323d33
  languageName: node
  linkType: hard

"fast-deep-equal@npm:^3.1.1":
  version: 3.1.3
  resolution: "fast-deep-equal@npm:3.1.3"
  checksum: e21a9d8d84f53493b6aa15efc9cfd53dd5b714a1f23f67fb5dc8f574af80df889b3bce25dc081887c6d25457cce704e636395333abad896ccdec03abaf1f3f9d
  languageName: node
  linkType: hard

"fast-json-stable-stringify@npm:^2.0.0":
  version: 2.1.0
  resolution: "fast-json-stable-stringify@npm:2.1.0"
  checksum: b191531e36c607977e5b1c47811158733c34ccb3bfde92c44798929e9b4154884378536d26ad90dfecd32e1ffc09c545d23535ad91b3161a27ddbb8ebe0cbecb
  languageName: node
  linkType: hard

"forever-agent@npm:~0.6.1":
  version: 0.6.1
  resolution: "forever-agent@npm:0.6.1"
  checksum: 766ae6e220f5fe23676bb4c6a99387cec5b7b62ceb99e10923376e27bfea72f3c3aeec2ba5f45f3f7ba65d6616965aa7c20b15002b6860833bb6e394dea546a8
  languageName: node
  linkType: hard

"form-data@npm:^2.5.0":
  version: 2.5.1
  resolution: "form-data@npm:2.5.1"
  dependencies:
    asynckit: ^0.4.0
    combined-stream: ^1.0.6
    mime-types: ^2.1.12
  checksum: 5134ada56cc246b293a1ac7678dba6830000603a3979cf83ff7b2f21f2e3725202237cfb89e32bcb38a1d35727efbd3c3a22e65b42321e8ade8eec01ce755d08
  languageName: node
  linkType: hard

"form-data@npm:^3.0.0":
  version: 3.0.1
  resolution: "form-data@npm:3.0.1"
  dependencies:
    asynckit: ^0.4.0
    combined-stream: ^1.0.8
    mime-types: ^2.1.12
  checksum: b019e8d35c8afc14a2bd8a7a92fa4f525a4726b6d5a9740e8d2623c30e308fbb58dc8469f90415a856698933c8479b01646a9dff33c87cc4e76d72aedbbf860d
  languageName: node
  linkType: hard

"getpass@npm:^0.1.1":
  version: 0.1.7
  resolution: "getpass@npm:0.1.7"
  dependencies:
    assert-plus: ^1.0.0
  checksum: ab18d55661db264e3eac6012c2d3daeafaab7a501c035ae0ccb193c3c23e9849c6e29b6ac762b9c2adae460266f925d55a3a2a3a3c8b94be2f222df94d70c046
  languageName: node
  linkType: hard

"har-schema@npm:^2.0.0":
  version: 2.0.0
  resolution: "har-schema@npm:2.0.0"
  checksum: d8946348f333fb09e2bf24cc4c67eabb47c8e1d1aa1c14184c7ffec1140a49ec8aa78aa93677ae452d71d5fc0fdeec20f0c8c1237291fc2bcb3f502a5d204f9b
  languageName: node
  linkType: hard

"har-validator@npm:~5.1.3":
  version: 5.1.5
  resolution: "har-validator@npm:5.1.5"
  dependencies:
    ajv: ^6.12.3
    har-schema: ^2.0.0
  checksum: b998a7269ca560d7f219eedc53e2c664cd87d487e428ae854a6af4573fc94f182fe9d2e3b92ab968249baec7ebaf9ead69cf975c931dc2ab282ec182ee988280
  languageName: node
  linkType: hard

"http-signature@npm:~1.3.1":
  version: 1.3.6
  resolution: "http-signature@npm:1.3.6"
  dependencies:
    assert-plus: ^1.0.0
    jsprim: ^2.0.2
    sshpk: ^1.14.1
  checksum: 10be2af4764e71fee0281392937050201ee576ac755c543f570d6d87134ce5e858663fe999a7adb3e4e368e1e356d0d7fec6b9542295b875726ff615188e7a0c
  languageName: node
  linkType: hard

"is-plain-object@npm:^5.0.0":
  version: 5.0.0
  resolution: "is-plain-object@npm:5.0.0"
  checksum: e32d27061eef62c0847d303125440a38660517e586f2f3db7c9d179ae5b6674ab0f469d519b2e25c147a1a3bc87156d0d5f4d8821e0ce4a9ee7fe1fcf11ce45c
  languageName: node
  linkType: hard

"is-typedarray@npm:~1.0.0":
  version: 1.0.0
  resolution: "is-typedarray@npm:1.0.0"
  checksum: 3508c6cd0a9ee2e0df2fa2e9baabcdc89e911c7bd5cf64604586697212feec525aa21050e48affb5ffc3df20f0f5d2e2cf79b08caa64e1ccc9578e251763aef7
  languageName: node
  linkType: hard

"isstream@npm:~0.1.2":
  version: 0.1.2
  resolution: "isstream@npm:0.1.2"
  checksum: 1eb2fe63a729f7bdd8a559ab552c69055f4f48eb5c2f03724430587c6f450783c8f1cd936c1c952d0a927925180fcc892ebd5b174236cf1065d4bd5bdb37e963
  languageName: node
  linkType: hard

"jira-client@npm:^8.1.0":
  version: 8.1.0
  resolution: "jira-client@npm:8.1.0"
  dependencies:
    "@babel/runtime": ^7.6.0
    postman-request: ^2.88.1-postman.30
  checksum: 57ba98502087a710f89a4f22613bb57c1e1697797b885826c8b368b77a5663b53f420bb4229ad9e49e8acd90b23c7481acb992e1a372264fedd1b60890afda8e
  languageName: node
  linkType: hard

"js-yaml@npm:^4.1.0":
  version: 4.1.0
  resolution: "js-yaml@npm:4.1.0"
  dependencies:
    argparse: ^2.0.1
  bin:
    js-yaml: bin/js-yaml.js
  checksum: c7830dfd456c3ef2c6e355cc5a92e6700ceafa1d14bba54497b34a99f0376cecbb3e9ac14d3e5849b426d5a5140709a66237a8c991c675431271c4ce5504151a
  languageName: node
  linkType: hard

"jsbn@npm:~0.1.0":
  version: 0.1.1
  resolution: "jsbn@npm:0.1.1"
  checksum: e5ff29c1b8d965017ef3f9c219dacd6e40ad355c664e277d31246c90545a02e6047018c16c60a00f36d561b3647215c41894f5d869ada6908a2e0ce4200c88f2
  languageName: node
  linkType: hard

"json-schema-traverse@npm:^0.4.1":
  version: 0.4.1
  resolution: "json-schema-traverse@npm:0.4.1"
  checksum: 7486074d3ba247769fda17d5181b345c9fb7d12e0da98b22d1d71a5db9698d8b4bd900a3ec1a4ffdd60846fc2556274a5c894d0c48795f14cb03aeae7b55260b
  languageName: node
  linkType: hard

"json-schema@npm:0.4.0":
  version: 0.4.0
  resolution: "json-schema@npm:0.4.0"
  checksum: 66389434c3469e698da0df2e7ac5a3281bcff75e797a5c127db7c5b56270e01ae13d9afa3c03344f76e32e81678337a8c912bdbb75101c62e487dc3778461d72
  languageName: node
  linkType: hard

"json-stringify-safe@npm:~5.0.1":
  version: 5.0.1
  resolution: "json-stringify-safe@npm:5.0.1"
  checksum: 48ec0adad5280b8a96bb93f4563aa1667fd7a36334f79149abd42446d0989f2ddc58274b479f4819f1f00617957e6344c886c55d05a4e15ebb4ab931e4a6a8ee
  languageName: node
  linkType: hard

"jsonwebtoken@npm:^8.5.1":
  version: 8.5.1
  resolution: "jsonwebtoken@npm:8.5.1"
  dependencies:
    jws: ^3.2.2
    lodash.includes: ^4.3.0
    lodash.isboolean: ^3.0.3
    lodash.isinteger: ^4.0.4
    lodash.isnumber: ^3.0.3
    lodash.isplainobject: ^4.0.6
    lodash.isstring: ^4.0.1
    lodash.once: ^4.0.0
    ms: ^2.1.1
    semver: ^5.6.0
  checksum: 93c9e3f23c59b758ac88ba15f4e4753b3749dfce7a6f7c40fb86663128a1e282db085eec852d4e0cbca4cefdcd3a8275ee255dbd08fcad0df26ad9f6e4cc853a
  languageName: node
  linkType: hard

"jsprim@npm:^2.0.2":
  version: 2.0.2
  resolution: "jsprim@npm:2.0.2"
  dependencies:
    assert-plus: 1.0.0
    extsprintf: 1.3.0
    json-schema: 0.4.0
    verror: 1.10.0
  checksum: d175f6b1991e160cb0aa39bc857da780e035611986b5492f32395411879fdaf4e513d98677f08f7352dac93a16b66b8361c674b86a3fa406e2e7af6b26321838
  languageName: node
  linkType: hard

"jwa@npm:^1.4.1":
  version: 1.4.1
  resolution: "jwa@npm:1.4.1"
  dependencies:
    buffer-equal-constant-time: 1.0.1
    ecdsa-sig-formatter: 1.0.11
    safe-buffer: ^5.0.1
  checksum: ff30ea7c2dcc61f3ed2098d868bf89d43701605090c5b21b5544b512843ec6fd9e028381a4dda466cbcdb885c2d1150f7c62e7168394ee07941b4098e1035e2f
  languageName: node
  linkType: hard

"jws@npm:^3.2.2":
  version: 3.2.2
  resolution: "jws@npm:3.2.2"
  dependencies:
    jwa: ^1.4.1
    safe-buffer: ^5.0.1
  checksum: f0213fe5b79344c56cd443428d8f65c16bf842dc8cb8f5aed693e1e91d79c20741663ad6eff07a6d2c433d1831acc9814e8d7bada6a0471fbb91d09ceb2bf5c2
  languageName: node
  linkType: hard

"lodash.includes@npm:^4.3.0":
  version: 4.3.0
  resolution: "lodash.includes@npm:4.3.0"
  checksum: 71092c130515a67ab3bd928f57f6018434797c94def7f46aafa417771e455ce3a4834889f4267b17887d7f75297dfabd96231bf704fd2b8c5096dc4a913568b6
  languageName: node
  linkType: hard

"lodash.isboolean@npm:^3.0.3":
  version: 3.0.3
  resolution: "lodash.isboolean@npm:3.0.3"
  checksum: b70068b4a8b8837912b54052557b21fc4774174e3512ed3c5b94621e5aff5eb6c68089d0a386b7e801d679cd105d2e35417978a5e99071750aa2ed90bffd0250
  languageName: node
  linkType: hard

"lodash.isinteger@npm:^4.0.4":
  version: 4.0.4
  resolution: "lodash.isinteger@npm:4.0.4"
  checksum: 6034821b3fc61a2ffc34e7d5644bb50c5fd8f1c0121c554c21ac271911ee0c0502274852845005f8651d51e199ee2e0cfebfe40aaa49c7fe617f603a8a0b1691
  languageName: node
  linkType: hard

"lodash.isnumber@npm:^3.0.3":
  version: 3.0.3
  resolution: "lodash.isnumber@npm:3.0.3"
  checksum: 913784275b565346255e6ae6a6e30b760a0da70abc29f3e1f409081585875105138cda4a429ff02577e1bc0a7ae2a90e0a3079a37f3a04c3d6c5aaa532f4cab2
  languageName: node
  linkType: hard

"lodash.isplainobject@npm:^4.0.6":
  version: 4.0.6
  resolution: "lodash.isplainobject@npm:4.0.6"
  checksum: 29c6351f281e0d9a1d58f1a4c8f4400924b4c79f18dfc4613624d7d54784df07efaff97c1ff2659f3e085ecf4fff493300adc4837553104cef2634110b0d5337
  languageName: node
  linkType: hard

"lodash.isstring@npm:^4.0.1":
  version: 4.0.1
  resolution: "lodash.isstring@npm:4.0.1"
  checksum: eaac87ae9636848af08021083d796e2eea3d02e80082ab8a9955309569cb3a463ce97fd281d7dc119e402b2e7d8c54a23914b15d2fc7fff56461511dc8937ba0
  languageName: node
  linkType: hard

"lodash.once@npm:^4.0.0":
  version: 4.1.1
  resolution: "lodash.once@npm:4.1.1"
  checksum: d768fa9f9b4e1dc6453be99b753906f58990e0c45e7b2ca5a3b40a33111e5d17f6edf2f768786e2716af90a8e78f8f91431ab8435f761fef00f9b0c256f6d245
  languageName: node
  linkType: hard

"lru-cache@npm:^6.0.0":
  version: 6.0.0
  resolution: "lru-cache@npm:6.0.0"
  dependencies:
    yallist: ^4.0.0
  checksum: f97f499f898f23e4585742138a22f22526254fdba6d75d41a1c2526b3b6cc5747ef59c5612ba7375f42aca4f8461950e925ba08c991ead0651b4918b7c978297
  languageName: node
  linkType: hard

"make-error@npm:^1.1.1":
  version: 1.3.6
  resolution: "make-error@npm:1.3.6"
  checksum: b86e5e0e25f7f777b77fabd8e2cbf15737972869d852a22b7e73c17623928fccb826d8e46b9951501d3f20e51ad74ba8c59ed584f610526a48f8ccf88aaec402
  languageName: node
  linkType: hard

"mime-db@npm:1.51.0":
  version: 1.51.0
  resolution: "mime-db@npm:1.51.0"
  checksum: 613b1ac9d6e725cc24444600b124a7f1ce6c60b1baa654f39a3e260d0995a6dffc5693190217e271af7e2a5612dae19f2a73f3e316707d797a7391165f7ef423
  languageName: node
  linkType: hard

"mime-db@npm:1.52.0":
  version: 1.52.0
  resolution: "mime-db@npm:1.52.0"
  checksum: 0d99a03585f8b39d68182803b12ac601d9c01abfa28ec56204fa330bc9f3d1c5e14beb049bafadb3dbdf646dfb94b87e24d4ec7b31b7279ef906a8ea9b6a513f
  languageName: node
  linkType: hard

"mime-types@npm:^2.1.12":
  version: 2.1.34
  resolution: "mime-types@npm:2.1.34"
  dependencies:
    mime-db: 1.51.0
  checksum: 67013de9e9d6799bde6d669d18785b7e18bcd212e710d3e04a4727f92f67a8ad4e74aee24be28b685adb794944814bde649119b58ee3282ffdbee58f9278d9f3
  languageName: node
  linkType: hard

"mime-types@npm:~2.1.19":
  version: 2.1.35
  resolution: "mime-types@npm:2.1.35"
  dependencies:
    mime-db: 1.52.0
  checksum: 89a5b7f1def9f3af5dad6496c5ed50191ae4331cc5389d7c521c8ad28d5fdad2d06fd81baf38fed813dc4e46bb55c8145bb0ff406330818c9cf712fb2e9b3836
  languageName: node
  linkType: hard

"ms@npm:^2.1.1":
  version: 2.1.2
  resolution: "ms@npm:2.1.2"
  checksum: 673cdb2c3133eb050c745908d8ce632ed2c02d85640e2edb3ace856a2266a813b30c613569bf3354fdf4ea7d1a1494add3bfa95e2713baa27d0c2c71fc44f58f
  languageName: node
  linkType: hard

"node-fetch@npm:^2.6.7":
  version: 2.6.7
  resolution: "node-fetch@npm:2.6.7"
  dependencies:
    whatwg-url: ^5.0.0
  peerDependencies:
    encoding: ^0.1.0
  peerDependenciesMeta:
    encoding:
      optional: true
  checksum: 8d816ffd1ee22cab8301c7756ef04f3437f18dace86a1dae22cf81db8ef29c0bf6655f3215cb0cdb22b420b6fe141e64b26905e7f33f9377a7fa59135ea3e10b
  languageName: node
  linkType: hard

"oauth-sign@npm:~0.9.0":
  version: 0.9.0
  resolution: "oauth-sign@npm:0.9.0"
  checksum: 8f5497a127967866a3c67094c21efd295e46013a94e6e828573c62220e9af568cc1d2d04b16865ba583e430510fa168baf821ea78f355146d8ed7e350fc44c64
  languageName: node
  linkType: hard

"once@npm:^1.4.0":
  version: 1.4.0
  resolution: "once@npm:1.4.0"
  dependencies:
    wrappy: 1
  checksum: cd0a88501333edd640d95f0d2700fbde6bff20b3d4d9bdc521bdd31af0656b5706570d6c6afe532045a20bb8dc0849f8332d6f2a416e0ba6d3d3b98806c7db68
  languageName: node
  linkType: hard

"performance-now@npm:^2.1.0":
  version: 2.1.0
  resolution: "performance-now@npm:2.1.0"
  checksum: 534e641aa8f7cba160f0afec0599b6cecefbb516a2e837b512be0adbe6c1da5550e89c78059c7fabc5c9ffdf6627edabe23eb7c518c4500067a898fa65c2b550
  languageName: node
  linkType: hard

"postman-request@npm:^2.88.1-postman.30":
  version: 2.88.1-postman.31
  resolution: "postman-request@npm:2.88.1-postman.31"
  dependencies:
    "@postman/form-data": ~3.1.1
    "@postman/tunnel-agent": ^0.6.3
    aws-sign2: ~0.7.0
    aws4: ^1.8.0
    brotli: ~1.3.2
    caseless: ~0.12.0
    combined-stream: ~1.0.6
    extend: ~3.0.2
    forever-agent: ~0.6.1
    har-validator: ~5.1.3
    http-signature: ~1.3.1
    is-typedarray: ~1.0.0
    isstream: ~0.1.2
    json-stringify-safe: ~5.0.1
    mime-types: ~2.1.19
    oauth-sign: ~0.9.0
    performance-now: ^2.1.0
    qs: ~6.5.2
    safe-buffer: ^5.1.2
    stream-length: ^1.0.2
    tough-cookie: ~2.5.0
    uuid: ^3.3.2
  checksum: 70f5aed7cfbc87423df2c713c1e5589598d11cd414806ad62d95a7627674c2a0d3dc6ce1311ea06554f0556d1145d6b4d510710ede0f2d339993a34569f95dd7
  languageName: node
  linkType: hard

"psl@npm:^1.1.28":
  version: 1.8.0
  resolution: "psl@npm:1.8.0"
  checksum: 6150048ed2da3f919478bee8a82f3828303bc0fc730fb015a48f83c9977682c7b28c60ab01425a72d82a2891a1681627aa530a991d50c086b48a3be27744bde7
  languageName: node
  linkType: hard

"punycode@npm:^2.1.0, punycode@npm:^2.1.1":
  version: 2.1.1
  resolution: "punycode@npm:2.1.1"
  checksum: 823bf443c6dd14f669984dea25757b37993f67e8d94698996064035edd43bed8a5a17a9f12e439c2b35df1078c6bec05a6c86e336209eb1061e8025c481168e8
  languageName: node
  linkType: hard

"qs@npm:~6.5.2":
  version: 6.5.3
  resolution: "qs@npm:6.5.3"
  checksum: 6f20bf08cabd90c458e50855559539a28d00b2f2e7dddcb66082b16a43188418cb3cb77cbd09268bcef6022935650f0534357b8af9eeb29bf0f27ccb17655692
  languageName: node
  linkType: hard

"regenerator-runtime@npm:^0.13.4":
  version: 0.13.9
  resolution: "regenerator-runtime@npm:0.13.9"
  checksum: 65ed455fe5afd799e2897baf691ca21c2772e1a969d19bb0c4695757c2d96249eb74ee3553ea34a91062b2a676beedf630b4c1551cc6299afb937be1426ec55e
  languageName: node
  linkType: hard

"safe-buffer@npm:^5.0.1, safe-buffer@npm:^5.1.2":
  version: 5.2.1
  resolution: "safe-buffer@npm:5.2.1"
  checksum: b99c4b41fdd67a6aaf280fcd05e9ffb0813654894223afb78a31f14a19ad220bba8aba1cb14eddce1fcfb037155fe6de4e861784eb434f7d11ed58d1e70dd491
  languageName: node
  linkType: hard

"safer-buffer@npm:^2.0.2, safer-buffer@npm:^2.1.0, safer-buffer@npm:~2.1.0":
  version: 2.1.2
  resolution: "safer-buffer@npm:2.1.2"
  checksum: cab8f25ae6f1434abee8d80023d7e72b598cf1327164ddab31003c51215526801e40b66c5e65d658a0af1e9d6478cadcb4c745f4bd6751f97d8644786c0978b0
  languageName: node
  linkType: hard

"semver@npm:^5.6.0":
  version: 5.7.1
  resolution: "semver@npm:5.7.1"
  bin:
    semver: ./bin/semver
  checksum: 57fd0acfd0bac382ee87cd52cd0aaa5af086a7dc8d60379dfe65fea491fb2489b6016400813930ecd61fd0952dae75c115287a1b16c234b1550887117744dfaf
  languageName: node
  linkType: hard

"sshpk@npm:^1.14.1":
  version: 1.17.0
  resolution: "sshpk@npm:1.17.0"
  dependencies:
    asn1: ~0.2.3
    assert-plus: ^1.0.0
    bcrypt-pbkdf: ^1.0.0
    dashdash: ^1.12.0
    ecc-jsbn: ~0.1.1
    getpass: ^0.1.1
    jsbn: ~0.1.0
    safer-buffer: ^2.0.2
    tweetnacl: ~0.14.0
  bin:
    sshpk-conv: bin/sshpk-conv
    sshpk-sign: bin/sshpk-sign
    sshpk-verify: bin/sshpk-verify
  checksum: ba109f65c8e6c35133b8e6ed5576abeff8aa8d614824b7275ec3ca308f081fef483607c28d97780c1e235818b0f93ed8c8b56d0a5968d5a23fd6af57718c7597
  languageName: node
  linkType: hard

"stream-length@npm:^1.0.2":
  version: 1.0.2
  resolution: "stream-length@npm:1.0.2"
  dependencies:
    bluebird: ^2.6.2
  checksum: 604334be8f534dfc0f245edaf0347311b36b71897ff083485308ccf449f6563b4e15c6f7b3f9e4a4c5f6e633d2d29491afac4baf50084a351f73e3a8a5883bef
  languageName: node
  linkType: hard

"tools@workspace:.":
  version: 0.0.0-use.local
  resolution: "tools@workspace:."
  dependencies:
    "@octokit/auth-app": ^4.0.4
    "@octokit/rest": ^19.0.3
    "@types/jira-client": ^7.1.4
    "@types/js-yaml": ^4.0.3
    "@types/node": ^18.0.3
    "@types/node-fetch": ^2.6.2
    commander: ^8.3.0
    jira-client: ^8.1.0
    js-yaml: ^4.1.0
    node-fetch: ^2.6.7
    ts-node: ^10.8.2
    typescript: ^4.7.4
  languageName: unknown
  linkType: soft

"tough-cookie@npm:~2.5.0":
  version: 2.5.0
  resolution: "tough-cookie@npm:2.5.0"
  dependencies:
    psl: ^1.1.28
    punycode: ^2.1.1
  checksum: 16a8cd090224dd176eee23837cbe7573ca0fa297d7e468ab5e1c02d49a4e9a97bb05fef11320605eac516f91d54c57838a25864e8680e27b069a5231d8264977
  languageName: node
  linkType: hard

"tr46@npm:~0.0.3":
  version: 0.0.3
  resolution: "tr46@npm:0.0.3"
  checksum: 726321c5eaf41b5002e17ffbd1fb7245999a073e8979085dacd47c4b4e8068ff5777142fc6726d6ca1fd2ff16921b48788b87225cbc57c72636f6efa8efbffe3
  languageName: node
  linkType: hard

"ts-node@npm:^10.8.2":
  version: 10.8.2
  resolution: "ts-node@npm:10.8.2"
  dependencies:
    "@cspotcode/source-map-support": ^0.8.0
    "@tsconfig/node10": ^1.0.7
    "@tsconfig/node12": ^1.0.7
    "@tsconfig/node14": ^1.0.0
    "@tsconfig/node16": ^1.0.2
    acorn: ^8.4.1
    acorn-walk: ^8.1.1
    arg: ^4.1.0
    create-require: ^1.1.0
    diff: ^4.0.1
    make-error: ^1.1.1
    v8-compile-cache-lib: ^3.0.1
    yn: 3.1.1
  peerDependencies:
    "@swc/core": ">=1.2.50"
    "@swc/wasm": ">=1.2.50"
    "@types/node": "*"
    typescript: ">=2.7"
  peerDependenciesMeta:
    "@swc/core":
      optional: true
    "@swc/wasm":
      optional: true
  bin:
    ts-node: dist/bin.js
    ts-node-cwd: dist/bin-cwd.js
    ts-node-esm: dist/bin-esm.js
    ts-node-script: dist/bin-script.js
    ts-node-transpile-only: dist/bin-transpile.js
    ts-script: dist/bin-script-deprecated.js
  checksum: 1eede939beed9f4db35bcc88d78ef803815b99dcdbed1ecac728d861d74dc694918a7f0f437aa08d026193743a31e7e00e2ee34f875f909b5879981c1808e2a7
  languageName: node
  linkType: hard

"tweetnacl@npm:^0.14.3, tweetnacl@npm:~0.14.0":
  version: 0.14.5
  resolution: "tweetnacl@npm:0.14.5"
  checksum: 6061daba1724f59473d99a7bb82e13f211cdf6e31315510ae9656fefd4779851cb927adad90f3b488c8ed77c106adc0421ea8055f6f976ff21b27c5c4e918487
  languageName: node
  linkType: hard

"typescript@npm:^4.7.4":
  version: 4.7.4
  resolution: "typescript@npm:4.7.4"
  bin:
    tsc: bin/tsc
    tsserver: bin/tsserver
  checksum: 5750181b1cd7e6482c4195825547e70f944114fb47e58e4aa7553e62f11b3f3173766aef9c281783edfd881f7b8299cf35e3ca8caebe73d8464528c907a164df
  languageName: node
  linkType: hard

"typescript@patch:typescript@^4.7.4#~builtin<compat/typescript>":
  version: 4.7.4
  resolution: "typescript@patch:typescript@npm%3A4.7.4#~builtin<compat/typescript>::version=4.7.4&hash=a1c5e5"
  bin:
    tsc: bin/tsc
    tsserver: bin/tsserver
  checksum: 9096d8f6c16cb80ef3bf96fcbbd055bf1c4a43bd14f3b7be45a9fbe7ada46ec977f604d5feed3263b4f2aa7d4c7477ce5f9cd87de0d6feedec69a983f3a4f93e
  languageName: node
  linkType: hard

"universal-github-app-jwt@npm:^1.0.1":
  version: 1.1.0
  resolution: "universal-github-app-jwt@npm:1.1.0"
  dependencies:
    "@types/jsonwebtoken": ^8.3.3
    jsonwebtoken: ^8.5.1
  checksum: b6ebbe2533881639701e936ca54c9ec02aae1e9b36bf2495ed66632d5057e06a7d4a118ac38a3d96f63993e19a47ee6e282858e1f4a9c2ceede19a856ca08fcc
  languageName: node
  linkType: hard

"universal-user-agent@npm:^6.0.0":
  version: 6.0.0
  resolution: "universal-user-agent@npm:6.0.0"
  checksum: 5092bbc80dd0d583cef0b62c17df0043193b74f425112ea6c1f69bc5eda21eeec7a08d8c4f793a277eb2202ffe9b44bec852fa3faff971234cd209874d1b79ef
  languageName: node
  linkType: hard

"uri-js@npm:^4.2.2":
  version: 4.4.1
  resolution: "uri-js@npm:4.4.1"
  dependencies:
    punycode: ^2.1.0
  checksum: 7167432de6817fe8e9e0c9684f1d2de2bb688c94388f7569f7dbdb1587c9f4ca2a77962f134ec90be0cc4d004c939ff0d05acc9f34a0db39a3c797dada262633
  languageName: node
  linkType: hard

"uuid@npm:^3.3.2":
  version: 3.4.0
  resolution: "uuid@npm:3.4.0"
  bin:
    uuid: ./bin/uuid
  checksum: 58de2feed61c59060b40f8203c0e4ed7fd6f99d42534a499f1741218a1dd0c129f4aa1de797bcf822c8ea5da7e4137aa3673431a96dae729047f7aca7b27866f
  languageName: node
  linkType: hard

"v8-compile-cache-lib@npm:^3.0.1":
  version: 3.0.1
  resolution: "v8-compile-cache-lib@npm:3.0.1"
  checksum: 78089ad549e21bcdbfca10c08850022b22024cdcc2da9b168bcf5a73a6ed7bf01a9cebb9eac28e03cd23a684d81e0502797e88f3ccd27a32aeab1cfc44c39da0
  languageName: node
  linkType: hard

"verror@npm:1.10.0":
  version: 1.10.0
  resolution: "verror@npm:1.10.0"
  dependencies:
    assert-plus: ^1.0.0
    core-util-is: 1.0.2
    extsprintf: ^1.2.0
  checksum: c431df0bedf2088b227a4e051e0ff4ca54df2c114096b0c01e1cbaadb021c30a04d7dd5b41ab277bcd51246ca135bf931d4c4c796ecae7a4fef6d744ecef36ea
  languageName: node
  linkType: hard

"webidl-conversions@npm:^3.0.0":
  version: 3.0.1
  resolution: "webidl-conversions@npm:3.0.1"
  checksum: c92a0a6ab95314bde9c32e1d0a6dfac83b578f8fa5f21e675bc2706ed6981bc26b7eb7e6a1fab158e5ce4adf9caa4a0aee49a52505d4d13c7be545f15021b17c
  languageName: node
  linkType: hard

"whatwg-url@npm:^5.0.0":
  version: 5.0.0
  resolution: "whatwg-url@npm:5.0.0"
  dependencies:
    tr46: ~0.0.3
    webidl-conversions: ^3.0.0
  checksum: b8daed4ad3356cc4899048a15b2c143a9aed0dfae1f611ebd55073310c7b910f522ad75d727346ad64203d7e6c79ef25eafd465f4d12775ca44b90fa82ed9e2c
  languageName: node
  linkType: hard

"wrappy@npm:1":
  version: 1.0.2
  resolution: "wrappy@npm:1.0.2"
  checksum: 159da4805f7e84a3d003d8841557196034155008f817172d4e986bd591f74aa82aa7db55929a54222309e01079a65a92a9e6414da5a6aa4b01ee44a511ac3ee5
  languageName: node
  linkType: hard

"yallist@npm:^4.0.0":
  version: 4.0.0
  resolution: "yallist@npm:4.0.0"
  checksum: 343617202af32df2a15a3be36a5a8c0c8545208f3d3dfbc6bb7c3e3b7e8c6f8e7485432e4f3b88da3031a6e20afa7c711eded32ddfb122896ac5d914e75848d5
  languageName: node
  linkType: hard

"yn@npm:3.1.1":
  version: 3.1.1
  resolution: "yn@npm:3.1.1"
  checksum: 2c487b0e149e746ef48cda9f8bad10fc83693cd69d7f9dcd8be4214e985de33a29c9e24f3c0d6bcf2288427040a8947406ab27f7af67ee9456e6b84854f02dd6
  languageName: node
  linkType: hard
