# This file is generated by running "yarn install" inside your project.
# Manual changes might be lost - proceed with caution!

__metadata:
  version: 6
  cacheKey: 8c0

"@babel/runtime@npm:^7.6.0":
  version: 7.17.8
  resolution: "@babel/runtime@npm:7.17.8"
  dependencies:
    regenerator-runtime: ^0.13.4
  checksum: e06384a648b9b8be6a20fd6185b3d96701cd70c2fd43cec71bda8755d16cd087a8e985a408d9d56a36d4cc07e36167745ce63457f33487199328e800a6c64d48
  languageName: node
  linkType: hard

"@cspotcode/source-map-support@npm:^0.8.0":
  version: 0.8.1
  resolution: "@cspotcode/source-map-support@npm:0.8.1"
  dependencies:
    "@jridgewell/trace-mapping": 0.3.9
  checksum: 05c5368c13b662ee4c122c7bfbe5dc0b613416672a829f3e78bc49a357a197e0218d6e74e7c66cfcd04e15a179acab080bd3c69658c9fbefd0e1ccd950a07fc6
  languageName: node
  linkType: hard

"@jridgewell/resolve-uri@npm:^3.0.3":
  version: 3.1.0
  resolution: "@jridgewell/resolve-uri@npm:3.1.0"
  checksum: 78055e2526108331126366572045355051a930f017d1904a4f753d3f4acee8d92a14854948095626f6163cffc24ea4e3efa30637417bb866b84743dec7ef6fd9
  languageName: node
  linkType: hard

"@jridgewell/sourcemap-codec@npm:^1.4.10":
  version: 1.4.14
  resolution: "@jridgewell/sourcemap-codec@npm:1.4.14"
  checksum: 3fbaff1387c1338b097eeb6ff92890d7838f7de0dde259e4983763b44540bfd5ca6a1f7644dc8ad003a57f7e80670d5b96a8402f1386ba9aee074743ae9bad51
  languageName: node
  linkType: hard

"@jridgewell/trace-mapping@npm:0.3.9":
  version: 0.3.9
  resolution: "@jridgewell/trace-mapping@npm:0.3.9"
  dependencies:
    "@jridgewell/resolve-uri": ^3.0.3
    "@jridgewell/sourcemap-codec": ^1.4.10
  checksum: fa425b606d7c7ee5bfa6a31a7b050dd5814b4082f318e0e4190f991902181b4330f43f4805db1dd4f2433fd0ed9cc7a7b9c2683f1deeab1df1b0a98b1e24055b
  languageName: node
  linkType: hard

"@octokit/auth-app@npm:^4.0.4":
  version: 4.0.4
  resolution: "@octokit/auth-app@npm:4.0.4"
  dependencies:
    "@octokit/auth-oauth-app": ^5.0.0
    "@octokit/auth-oauth-user": ^2.0.0
    "@octokit/request": ^6.0.0
    "@octokit/request-error": ^3.0.0
    "@octokit/types": ^6.0.3
    "@types/lru-cache": ^5.1.0
    deprecation: ^2.3.1
    lru-cache: ^6.0.0
    universal-github-app-jwt: ^1.0.1
    universal-user-agent: ^6.0.0
  checksum: d1f86810eac33cfdad4a4a30e767da92e7f06f519b20561c2acdad4c7c6386084ca1a6174567437282b24a21c9f7b44dba6dc1119297382ecd7b8ef7de4da15c
  languageName: node
  linkType: hard

"@octokit/auth-oauth-app@npm:^5.0.0":
  version: 5.0.1
  resolution: "@octokit/auth-oauth-app@npm:5.0.1"
  dependencies:
    "@octokit/auth-oauth-device": ^4.0.0
    "@octokit/auth-oauth-user": ^2.0.0
    "@octokit/request": ^5.6.3
    "@octokit/types": ^6.0.3
    "@types/btoa-lite": ^1.0.0
    btoa-lite: ^1.0.0
    universal-user-agent: ^6.0.0
  checksum: 8bb1e5df4a40dd5052f9e622d191cfb1506a41aca9a406b70776faee80567a2f4208f04fbbf529a212caf5cd98ece73993b9c199f57d27bf909f310f0619d995
  languageName: node
  linkType: hard

"@octokit/auth-oauth-device@npm:^4.0.0":
  version: 4.0.0
  resolution: "@octokit/auth-oauth-device@npm:4.0.0"
  dependencies:
    "@octokit/oauth-methods": ^2.0.0
    "@octokit/request": ^6.0.0
    "@octokit/types": ^6.10.0
    universal-user-agent: ^6.0.0
  checksum: 9383781697be77630008a92995fa7111de2e917b6e4160db7dc75dd90203e52b2a20d9435ca7a99b7c0bdcac34e6f201f26214fca2beffe07f0dd2a3af887ffa
  languageName: node
  linkType: hard

"@octokit/auth-oauth-user@npm:^2.0.0":
  version: 2.0.2
  resolution: "@octokit/auth-oauth-user@npm:2.0.2"
  dependencies:
    "@octokit/auth-oauth-device": ^4.0.0
    "@octokit/oauth-methods": ^2.0.0
    "@octokit/request": ^6.0.0
    "@octokit/types": ^6.12.2
    btoa-lite: ^1.0.0
    universal-user-agent: ^6.0.0
  checksum: f2fa3508bb3ced1d51b8f900b5debcfd4bfe24ecc9734613a8cc5bbfcbb93a4ed79c0651adc8179e7d04630665deb870753f6b1f006ccf83da3ca59f68482772
  languageName: node
  linkType: hard

"@octokit/auth-token@npm:^3.0.0":
  version: 3.0.0
  resolution: "@octokit/auth-token@npm:3.0.0"
  dependencies:
    "@octokit/types": ^6.0.3
  checksum: 8d2ce60dd6629e3335c89baf1b0e5df3e32f4fe77046caa5fb9148a0257a9292eac801a5d42fa03f67e3b2362dab6f08d1cd1d0e05a546b1dbd02c0efb9f3b8e
  languageName: node
  linkType: hard

"@octokit/core@npm:^4.0.0":
  version: 4.0.4
  resolution: "@octokit/core@npm:4.0.4"
  dependencies:
    "@octokit/auth-token": ^3.0.0
    "@octokit/graphql": ^5.0.0
    "@octokit/request": ^6.0.0
    "@octokit/request-error": ^3.0.0
    "@octokit/types": ^6.0.3
    before-after-hook: ^2.2.0
    universal-user-agent: ^6.0.0
  checksum: c761f93998d1e717d034e94032d039aba87046ed0d185b50487e8e964cc8710796704aeb8f1ae6b4cc55a134709f3449c1e8b612770a3e73daf2ca1e26f7bcd9
  languageName: node
  linkType: hard

"@octokit/endpoint@npm:^6.0.1":
  version: 6.0.8
  resolution: "@octokit/endpoint@npm:6.0.8"
  dependencies:
    "@octokit/types": ^5.0.0
    is-plain-object: ^5.0.0
    universal-user-agent: ^6.0.0
  checksum: f97e1e13ca5ab612078820d7c032e525afa55bc1a837aad9a81345ef8027615884a32e50895560728f924461525282414f4ea9d13981aef92e56c3facbc5ec6c
  languageName: node
  linkType: hard

"@octokit/endpoint@npm:^7.0.0":
  version: 7.0.0
  resolution: "@octokit/endpoint@npm:7.0.0"
  dependencies:
    "@octokit/types": ^6.0.3
    is-plain-object: ^5.0.0
    universal-user-agent: ^6.0.0
  checksum: 33c7e23bf7f1330a6d6075f86c43492734a5de35ee4d50c22f94b3c4728140935277d331213ae7f77d9eb9ad087ee6d270f7fb6b73b1a8c6348faa166f53c09e
  languageName: node
  linkType: hard

"@octokit/graphql@npm:^5.0.0":
  version: 5.0.0
  resolution: "@octokit/graphql@npm:5.0.0"
  dependencies:
    "@octokit/request": ^6.0.0
    "@octokit/types": ^6.0.3
    universal-user-agent: ^6.0.0
  checksum: 0d0695917f909c21730551019bc8584ebcc88a3f7cc6afa00a7636f7d0054ce1252263103c156f3f8267b3ffc8b7f817b0f8de4cc2a4d1de3cc47d93170812ba
  languageName: node
  linkType: hard

"@octokit/oauth-authorization-url@npm:^5.0.0":
  version: 5.0.0
  resolution: "@octokit/oauth-authorization-url@npm:5.0.0"
  checksum: f9059cc070a06a276c43adfd106f995883c4ac846f00f0fef9218c2675355d7321cf9e8f83855574ba5104f37bc06a599a4c3e5edc3dc07714d9c9f4d34a47e2
  languageName: node
  linkType: hard

"@octokit/oauth-methods@npm:^2.0.0":
  version: 2.0.2
  resolution: "@octokit/oauth-methods@npm:2.0.2"
  dependencies:
    "@octokit/oauth-authorization-url": ^5.0.0
    "@octokit/request": ^6.0.0
    "@octokit/request-error": ^3.0.0
    "@octokit/types": ^6.12.2
    btoa-lite: ^1.0.0
  checksum: 2af63a54c04b9ce140afb29859b14cc8d4c48259173190f6f32e9bfb88ba5cc02a2700c1921e5dd598e5a01a389dbe0f603d44ab50fa0d1eb2483499f96791bb
  languageName: node
  linkType: hard

"@octokit/openapi-types@npm:^11.2.0":
  version: 11.2.0
  resolution: "@octokit/openapi-types@npm:11.2.0"
  checksum: 7b1c5e0632f6a1097a4b9192e4b3741d7a5dfeabe72c36201ab3d7607ca4fc822a27740f413bdebb6016f593c35c808484d3e3f1a505cf5ad8fe0da3c9d04cdd
  languageName: node
  linkType: hard

"@octokit/openapi-types@npm:^12.7.0":
  version: 12.8.0
  resolution: "@octokit/openapi-types@npm:12.8.0"
  checksum: db1b4f52de58a7188891f40a269ba65e2caaeef593d49b9ca87dda15106762e217f26b4a6574f7f0ee7d2871b93182f887d55dbb1d97c88342a1b9c353965e05
  languageName: node
  linkType: hard

"@octokit/plugin-paginate-rest@npm:^3.0.0":
  version: 3.0.0
  resolution: "@octokit/plugin-paginate-rest@npm:3.0.0"
  dependencies:
    "@octokit/types": ^6.39.0
  peerDependencies:
    "@octokit/core": ">=4"
  checksum: b6cc3932e1b6b9be2fb1729dba8765621b92265c90cdf57067090829a16451810b87ebcd4e453f72f5e9c526beaec567f262a36db46d9b5710283ac143bda52a
  languageName: node
  linkType: hard

"@octokit/plugin-request-log@npm:^1.0.4":
  version: 1.0.4
  resolution: "@octokit/plugin-request-log@npm:1.0.4"
  peerDependencies:
    "@octokit/core": ">=3"
  checksum: 7238585445555db553912e0cdef82801c89c6e5cbc62c23ae086761c23cc4a403d6c3fddd20348bbd42fb7508e2c2fce370eb18fdbe3fbae2c0d2c8be974f4cc
  languageName: node
  linkType: hard

"@octokit/plugin-rest-endpoint-methods@npm:^6.0.0":
  version: 6.0.1
  resolution: "@octokit/plugin-rest-endpoint-methods@npm:6.0.1"
  dependencies:
    "@octokit/types": ^6.39.0
    deprecation: ^2.3.1
  peerDependencies:
    "@octokit/core": ">=3"
  checksum: 59df672971349b700f526b17f90cad8efff801b2cece60a977cf423d149feb52233a822b0bbf2eed49ae99fd1b1bdf4a066272037aee52993d396ba2dbd1f2b7
  languageName: node
  linkType: hard

"@octokit/request-error@npm:^2.1.0":
  version: 2.1.0
  resolution: "@octokit/request-error@npm:2.1.0"
  dependencies:
    "@octokit/types": ^6.0.3
    deprecation: ^2.0.0
    once: ^1.4.0
  checksum: eb50eb2734aa903f1e855ac5887bb76d6f237a3aaa022b09322a7676c79bb8020259b25f84ab895c4fc7af5cc736e601ec8cc7e9040ca4629bac8cb393e91c40
  languageName: node
  linkType: hard

"@octokit/request-error@npm:^3.0.0":
  version: 3.0.0
  resolution: "@octokit/request-error@npm:3.0.0"
  dependencies:
    "@octokit/types": ^6.0.3
    deprecation: ^2.0.0
    once: ^1.4.0
  checksum: af6da1b5d832539b46bdd3de024923f54e92afe724a81ed73bfc3d07d596d3fdf3930ed104701f508d6200fe0c36c273c356f2679e4fa7471aba2de89aaddf9f
  languageName: node
  linkType: hard

"@octokit/request@npm:^5.6.3":
  version: 5.6.3
  resolution: "@octokit/request@npm:5.6.3"
  dependencies:
    "@octokit/endpoint": ^6.0.1
    "@octokit/request-error": ^2.1.0
    "@octokit/types": ^6.16.1
    is-plain-object: ^5.0.0
    node-fetch: ^2.6.7
    universal-user-agent: ^6.0.0
  checksum: a546dc05665c6cf8184ae7c4ac3ed4f0c339c2170dd7e2beeb31a6e0a9dd968ca8ad960edbd2af745e585276e692c9eb9c6dbf1a8c9d815eb7b7fd282f3e67fc
  languageName: node
  linkType: hard

"@octokit/request@npm:^6.0.0":
  version: 6.1.0
  resolution: "@octokit/request@npm:6.1.0"
  dependencies:
    "@octokit/endpoint": ^7.0.0
    "@octokit/request-error": ^3.0.0
    "@octokit/types": ^6.16.1
    is-plain-object: ^5.0.0
    node-fetch: ^2.6.7
    universal-user-agent: ^6.0.0
  checksum: 40d51d8578f32a1ab526fae403574435e50482e04105140c70f0e3e7bf7a638eab8db7e863d8a3d2ea9ef5d840ff180d989230fc52676757d46e8e61eebb90a1
  languageName: node
  linkType: hard

"@octokit/rest@npm:^19.0.3":
  version: 19.0.3
  resolution: "@octokit/rest@npm:19.0.3"
  dependencies:
    "@octokit/core": ^4.0.0
    "@octokit/plugin-paginate-rest": ^3.0.0
    "@octokit/plugin-request-log": ^1.0.4
    "@octokit/plugin-rest-endpoint-methods": ^6.0.0
  checksum: ee9c3d537dba827d47af9eb7f4a2f78d81a6441a45e81a4c9b4a5adada0fa2ccf2759fdfac9f3c53543c22fefa21a0c68417773d74e3b4a5101189fd7950ee6e
  languageName: node
  linkType: hard

"@octokit/types@npm:^5.0.0":
  version: 5.5.0
  resolution: "@octokit/types@npm:5.5.0"
  dependencies:
    "@types/node": ">= 8"
  checksum: 2dbd8d524bf428f96410e524d8d36f353470101d811cc046c007d3713b4b6d80aa0c19493da5cfc49727d3f5f7092df8324d346ebd46111c8b8c4fed8b0a46d1
  languageName: node
  linkType: hard

"@octokit/types@npm:^6.0.3, @octokit/types@npm:^6.10.0, @octokit/types@npm:^6.12.2, @octokit/types@npm:^6.16.1":
  version: 6.34.0
  resolution: "@octokit/types@npm:6.34.0"
  dependencies:
    "@octokit/openapi-types": ^11.2.0
  checksum: 5094b54ac13adfb2d84a047f4d4c67319b5cf0516ab8a54409af4733392d24da160e0e17ef969fed4276c87e19a3e3983af4233056debd1043d96f73ea4ad14e
  languageName: node
  linkType: hard

"@octokit/types@npm:^6.39.0":
  version: 6.39.0
  resolution: "@octokit/types@npm:6.39.0"
  dependencies:
    "@octokit/openapi-types": ^12.7.0
  checksum: 9bd8db6c5f5241819d7be2ed65ac818bf22f46aad1e59ad95e75ce6caa73766936b8ec89a531fcf3956b059664d5686be7019164144070b26e7a46269fd350f5
  languageName: node
  linkType: hard

"@postman/form-data@npm:~3.1.1":
  version: 3.1.1
  resolution: "@postman/form-data@npm:3.1.1"
  dependencies:
    asynckit: ^0.4.0
    combined-stream: ^1.0.8
    mime-types: ^2.1.12
  checksum: cf049e0f40e3c26d233ea82813baeb10ec48aa8b0e9ae92c245b92317fa0259b7bf2ba589ea0f9fdee1fef2d0b4614dc9d7a069ebdda52299e28bb4900c9a66f
  languageName: node
  linkType: hard

"@postman/tunnel-agent@npm:^0.6.3":
  version: 0.6.3
  resolution: "@postman/tunnel-agent@npm:0.6.3"
  dependencies:
    safe-buffer: ^5.0.1
  checksum: e9adff1c3d7a594838140af5dfc605d33236de2ecc90cb4d9c02c0197ef2a36ea0964fd315a7f6daa0e67a3ddfee7bbabf28bab765c1aa6dec02d86d150bc892
  languageName: node
  linkType: hard

"@tsconfig/node10@npm:^1.0.7":
  version: 1.0.9
  resolution: "@tsconfig/node10@npm:1.0.9"
  checksum: c176a2c1e1b16be120c328300ea910df15fb9a5277010116d26818272341a11483c5a80059389d04edacf6fd2d03d4687ad3660870fdd1cc0b7109e160adb220
  languageName: node
  linkType: hard

"@tsconfig/node12@npm:^1.0.7":
  version: 1.0.11
  resolution: "@tsconfig/node12@npm:1.0.11"
  checksum: dddca2b553e2bee1308a056705103fc8304e42bb2d2cbd797b84403a223b25c78f2c683ec3e24a095e82cd435387c877239bffcb15a590ba817cd3f6b9a99fd9
  languageName: node
  linkType: hard

"@tsconfig/node14@npm:^1.0.0":
  version: 1.0.3
  resolution: "@tsconfig/node14@npm:1.0.3"
  checksum: 67c1316d065fdaa32525bc9449ff82c197c4c19092b9663b23213c8cbbf8d88b6ed6a17898e0cbc2711950fbfaf40388938c1c748a2ee89f7234fc9e7fe2bf44
  languageName: node
  linkType: hard

"@tsconfig/node16@npm:^1.0.2":
  version: 1.0.3
  resolution: "@tsconfig/node16@npm:1.0.3"
  checksum: 451a0d4b2bc35c2cdb30a49b6c699d797b8bbac99b883237659698678076d4193050d90e2ee36016ccbca57075cdb073cadab38cedc45119bac68ab331958cbc
  languageName: node
  linkType: hard

"@types/btoa-lite@npm:^1.0.0":
  version: 1.0.0
  resolution: "@types/btoa-lite@npm:1.0.0"
  checksum: ab354cfa11b683fcc97c66cd2199b0a630b771dc13e3f98783c9f15beba3bdf031b9925c924252473888da3737a07dec93971226e0310354e58f9e64a03a102f
  languageName: node
  linkType: hard

"@types/caseless@npm:*":
  version: 0.12.2
  resolution: "@types/caseless@npm:0.12.2"
  checksum: 9d35e36439266b1d2593469fcb67cead3be1bba541bf71661063cd5751a6d497375dcda063f818dda8433041193c1d74e2c868e96c4fe0e344b5beaba487348e
  languageName: node
  linkType: hard

"@types/jira-client@npm:^7.1.4":
  version: 7.1.4
  resolution: "@types/jira-client@npm:7.1.4"
  dependencies:
    "@types/node": "*"
    "@types/request": "*"
  checksum: ada89fb2458efbb586423213251992e4a31d93261575c851dbb9bcd7f4d6b464d0a01a85d52908fff1618124d56fd5fa270e93848afe849bb0e83a3e509e9e96
  languageName: node
  linkType: hard

"@types/js-yaml@npm:^4.0.3":
  version: 4.0.5
  resolution: "@types/js-yaml@npm:4.0.5"
  checksum: 37eb783b16f1704d26bbf83b35cf5d12f6018c18f2c9232515468ac60a4c5b71b6344a7b872545eeca3dfd66bb17e2bb1e611646cc727d7c6a001165a4ec0a32
  languageName: node
  linkType: hard

"@types/jsonwebtoken@npm:^8.3.3":
  version: 8.5.0
  resolution: "@types/jsonwebtoken@npm:8.5.0"
  dependencies:
    "@types/node": "*"
  checksum: 54751320fcd59613270aebe0ae8932bdec439e13fc56f2415690052f0d367aab3200d089767d76816daac20e7e8b150aa316cdf8b57676465101e201648d4b12
  languageName: node
  linkType: hard

"@types/lru-cache@npm:^5.1.0":
  version: 5.1.0
  resolution: "@types/lru-cache@npm:5.1.0"
  checksum: 765b5cf6a3a003473b4e7d20f192b2c4fbf4a311defa5daab0395e68a7de8c1621a838dfdd9a0cb1b56c3f30dc84523e7101a96c09b44671cf685d35abd10554
  languageName: node
  linkType: hard

"@types/node-fetch@npm:^2.6.2":
  version: 2.6.2
  resolution: "@types/node-fetch@npm:2.6.2"
  dependencies:
    "@types/node": "*"
    form-data: ^3.0.0
  checksum: bd2ce7621905f9d80cd2fbe003d32a8d304f4aa53c12eb01a498255a1fc570d82216cff9a7ed38ff32570c78e46c924a8e23187a011ecfcfec4c530c7bdecdbb
  languageName: node
  linkType: hard

"@types/node@npm:*, @types/node@npm:>= 8":
  version: 14.11.8
  resolution: "@types/node@npm:14.11.8"
  checksum: 4eeb63d72040e5afe5b53d5f25dda60c6f54f10e8bc6e16c8dca91bb78731eec77d9f826135d3bb5169cc4a1c64f98e90c126f5898cdacd945b21bb21526627f
  languageName: node
  linkType: hard

"@types/node@npm:^18.0.3":
  version: 18.0.3
  resolution: "@types/node@npm:18.0.3"
  checksum: 03543d489b0747c1414aa5e3e8ca928d6ca3dfdb17d96811cc9f355da632805ca27520ed8ebfc14fb6a1b317490045fcd2d0dd3362f9b98b7f3d0ca7297ec086
  languageName: node
  linkType: hard

"@types/request@npm:*":
  version: 2.48.8
  resolution: "@types/request@npm:2.48.8"
  dependencies:
    "@types/caseless": "*"
    "@types/node": "*"
    "@types/tough-cookie": "*"
    form-data: ^2.5.0
  checksum: 10048f20c03ab08f39b96790e88dd1411acb64001c5d5bb6820e22259c1d89b69ee8de8f3d02319676c4ebdb27578a47ec2cb980e82439dcaca3728ce56fa54d
  languageName: node
  linkType: hard

"@types/tough-cookie@npm:*":
  version: 4.0.1
  resolution: "@types/tough-cookie@npm:4.0.1"
  checksum: 3cd60402ea7b647a759f5c468e00d9125e2f668999c8dbe6d7f91c435b105e5b6a3a9ed55f352417914f6485642264897b9a0986bfad5ed48ea2e5fc7c5d3666
  languageName: node
  linkType: hard

"acorn-walk@npm:^8.1.1":
  version: 8.2.0
  resolution: "acorn-walk@npm:8.2.0"
  checksum: dbe92f5b2452c93e960c5594e666dd1fae141b965ff2cb4a1e1d0381e3e4db4274c5ce4ffa3d681a86ca2a8d4e29d5efc0670a08e23fd2800051ea387df56ca2
  languageName: node
  linkType: hard

"acorn@npm:^8.4.1":
  version: 8.7.1
  resolution: "acorn@npm:8.7.1"
  bin:
    acorn: bin/acorn
  checksum: d9ff126ba128ac56fd5c54a4295e68bf95b923d1ce728152d9dd1980bd9f35eaac5771c0072a840ee6296323c3c9891186cd29c7541579dcb5b4d4c74bfef379
  languageName: node
  linkType: hard

"ajv@npm:^6.12.3":
  version: 6.12.6
  resolution: "ajv@npm:6.12.6"
  dependencies:
    fast-deep-equal: ^3.1.1
    fast-json-stable-stringify: ^2.0.0
    json-schema-traverse: ^0.4.1
    uri-js: ^4.2.2
  checksum: 41e23642cbe545889245b9d2a45854ebba51cda6c778ebced9649420d9205f2efb39cb43dbc41e358409223b1ea43303ae4839db682c848b891e4811da1a5a71
  languageName: node
  linkType: hard

"arg@npm:^4.1.0":
  version: 4.1.3
  resolution: "arg@npm:4.1.3"
  checksum: 070ff801a9d236a6caa647507bdcc7034530604844d64408149a26b9e87c2f97650055c0f049abd1efc024b334635c01f29e0b632b371ac3f26130f4cf65997a
  languageName: node
  linkType: hard

"argparse@npm:^2.0.1":
  version: 2.0.1
  resolution: "argparse@npm:2.0.1"
  checksum: c5640c2d89045371c7cedd6a70212a04e360fd34d6edeae32f6952c63949e3525ea77dbec0289d8213a99bbaeab5abfa860b5c12cf88a2e6cf8106e90dd27a7e
  languageName: node
  linkType: hard

"asn1@npm:~0.2.3":
  version: 0.2.6
  resolution: "asn1@npm:0.2.6"
  dependencies:
    safer-buffer: ~2.1.0
  checksum: 00c8a06c37e548762306bcb1488388d2f76c74c36f70c803f0c081a01d3bdf26090fc088cd812afc5e56a6d49e33765d451a5f8a68ab9c2b087eba65d2e980e0
  languageName: node
  linkType: hard

"assert-plus@npm:1.0.0, assert-plus@npm:^1.0.0":
  version: 1.0.0
  resolution: "assert-plus@npm:1.0.0"
  checksum: b194b9d50c3a8f872ee85ab110784911e696a4d49f7ee6fc5fb63216dedbefd2c55999c70cb2eaeb4cf4a0e0338b44e9ace3627117b5bf0d42460e9132f21b91
  languageName: node
  linkType: hard

"asynckit@npm:^0.4.0":
  version: 0.4.0
  resolution: "asynckit@npm:0.4.0"
  checksum: d73e2ddf20c4eb9337e1b3df1a0f6159481050a5de457c55b14ea2e5cb6d90bb69e004c9af54737a5ee0917fcf2c9e25de67777bbe58261847846066ba75bc9d
  languageName: node
  linkType: hard

"aws-sign2@npm:~0.7.0":
  version: 0.7.0
  resolution: "aws-sign2@npm:0.7.0"
  checksum: 021d2cc5547d4d9ef1633e0332e746a6f447997758b8b68d6fb33f290986872d2bff5f0c37d5832f41a7229361f093cd81c40898d96ed153493c0fb5cd8575d2
  languageName: node
  linkType: hard

"aws4@npm:^1.8.0":
  version: 1.11.0
  resolution: "aws4@npm:1.11.0"
  checksum: 00c32a5dc0f864a731e26406fa7d51595e09359dd8f9c813fa3122e3833f564bf95b78cdf6acf8b5d0462403d7c73ce5f22ad19050d75b17019c7978f970c4fa
  languageName: node
  linkType: hard

"base64-js@npm:^1.1.2":
  version: 1.5.1
  resolution: "base64-js@npm:1.5.1"
  checksum: f23823513b63173a001030fae4f2dabe283b99a9d324ade3ad3d148e218134676f1ee8568c877cd79ec1c53158dcf2d2ba527a97c606618928ba99dd930102bf
  languageName: node
  linkType: hard

"bcrypt-pbkdf@npm:^1.0.0":
  version: 1.0.2
  resolution: "bcrypt-pbkdf@npm:1.0.2"
  dependencies:
    tweetnacl: ^0.14.3
  checksum: ddfe85230b32df25aeebfdccfbc61d3bc493ace49c884c9c68575de1f5dcf733a5d7de9def3b0f318b786616b8d85bad50a28b1da1750c43e0012c93badcc148
  languageName: node
  linkType: hard

"before-after-hook@npm:^2.2.0":
  version: 2.2.2
  resolution: "before-after-hook@npm:2.2.2"
  checksum: 7457bfb8f40e8cbce943ea6e6531261925c6c8a451fea540762367a3e2e52b5979978963a7ec65f232a4f5b87310930bf152c9a055608c64ecee5115bad60b9a
  languageName: node
  linkType: hard

"bluebird@npm:^2.6.2":
  version: 2.11.0
  resolution: "bluebird@npm:2.11.0"
  checksum: d0c55c4c5f56522ee53e1762908c73ad97e403ce24d80ae99af3bf8902764530df0f7c88f35a1de809aa4b62d474c17f6bd83c8bc4f8cb539c50fddec1896c20
  languageName: node
  linkType: hard

"brotli@npm:~1.3.2":
  version: 1.3.2
  resolution: "brotli@npm:1.3.2"
  dependencies:
    base64-js: ^1.1.2
  checksum: 70b7e62596181448a6234eea63a2a1fc790bdf21551b7679152fa3b099c6a9e66f065445c4523ae66296d665bb4036909d2d2695f17d70467779209ffcba08f8
  languageName: node
  linkType: hard

"btoa-lite@npm:^1.0.0":
  version: 1.0.0
  resolution: "btoa-lite@npm:1.0.0"
  checksum: 7a4f0568ae3c915464650f98fde7901ae07b13a333a614515a0c86876b3528670fafece28dfef9745d971a613bb83341823afb0c20c6f318b384c1e364b9eb95
  languageName: node
  linkType: hard

"buffer-equal-constant-time@npm:1.0.1":
  version: 1.0.1
  resolution: "buffer-equal-constant-time@npm:1.0.1"
  checksum: fb2294e64d23c573d0dd1f1e7a466c3e978fe94a4e0f8183937912ca374619773bef8e2aceb854129d2efecbbc515bbd0cc78d2734a3e3031edb0888531bbc8e
  languageName: node
  linkType: hard

"caseless@npm:~0.12.0":
  version: 0.12.0
  resolution: "caseless@npm:0.12.0"
  checksum: ccf64bcb6c0232cdc5b7bd91ddd06e23a4b541f138336d4725233ac538041fb2f29c2e86c3c4a7a61ef990b665348db23a047060b9414c3a6603e9fa61ad4626
  languageName: node
  linkType: hard

"combined-stream@npm:^1.0.6, combined-stream@npm:^1.0.8, combined-stream@npm:~1.0.6":
  version: 1.0.8
  resolution: "combined-stream@npm:1.0.8"
  dependencies:
    delayed-stream: ~1.0.0
  checksum: 0dbb829577e1b1e839fa82b40c07ffaf7de8a09b935cadd355a73652ae70a88b4320db322f6634a4ad93424292fa80973ac6480986247f1734a1137debf271d5
  languageName: node
  linkType: hard

"commander@npm:^8.3.0":
  version: 8.3.0
  resolution: "commander@npm:8.3.0"
  checksum: 8b043bb8322ea1c39664a1598a95e0495bfe4ca2fad0d84a92d7d1d8d213e2a155b441d2470c8e08de7c4a28cf2bc6e169211c49e1b21d9f7edc6ae4d9356060
  languageName: node
  linkType: hard

"core-util-is@npm:1.0.2":
  version: 1.0.2
  resolution: "core-util-is@npm:1.0.2"
  checksum: 980a37a93956d0de8a828ce508f9b9e3317039d68922ca79995421944146700e4aaf490a6dbfebcb1c5292a7184600c7710b957d724be1e37b8254c6bc0fe246
  languageName: node
  linkType: hard

"create-require@npm:^1.1.0":
  version: 1.1.1
  resolution: "create-require@npm:1.1.1"
  checksum: 157cbc59b2430ae9a90034a5f3a1b398b6738bf510f713edc4d4e45e169bc514d3d99dd34d8d01ca7ae7830b5b8b537e46ae8f3c8f932371b0875c0151d7ec91
  languageName: node
  linkType: hard

"dashdash@npm:^1.12.0":
  version: 1.14.1
  resolution: "dashdash@npm:1.14.1"
  dependencies:
    assert-plus: ^1.0.0
  checksum: 64589a15c5bd01fa41ff7007e0f2c6552c5ef2028075daa16b188a3721f4ba001841bf306dfc2eee6e2e6e7f76b38f5f17fb21fa847504192290ffa9e150118a
  languageName: node
  linkType: hard

"delayed-stream@npm:~1.0.0":
  version: 1.0.0
  resolution: "delayed-stream@npm:1.0.0"
  checksum: d758899da03392e6712f042bec80aa293bbe9e9ff1b2634baae6a360113e708b91326594c8a486d475c69d6259afb7efacdc3537bfcda1c6c648e390ce601b19
  languageName: node
  linkType: hard

"deprecation@npm:^2.0.0, deprecation@npm:^2.3.1":
  version: 2.3.1
  resolution: "deprecation@npm:2.3.1"
  checksum: 23d688ba66b74d09b908c40a76179418acbeeb0bfdf218c8075c58ad8d0c315130cb91aa3dffb623aa3a411a3569ce56c6460de6c8d69071c17fe6dd2442f032
  languageName: node
  linkType: hard

"diff@npm:^4.0.1":
  version: 4.0.2
  resolution: "diff@npm:4.0.2"
  checksum: 81b91f9d39c4eaca068eb0c1eb0e4afbdc5bb2941d197f513dd596b820b956fef43485876226d65d497bebc15666aa2aa82c679e84f65d5f2bfbf14ee46e32c1
  languageName: node
  linkType: hard

"ecc-jsbn@npm:~0.1.1":
  version: 0.1.2
  resolution: "ecc-jsbn@npm:0.1.2"
  dependencies:
    jsbn: ~0.1.0
    safer-buffer: ^2.1.0
  checksum: 6cf168bae1e2dad2e46561d9af9cbabfbf5ff592176ad4e9f0f41eaaf5fe5e10bb58147fe0a804de62b1ee9dad42c28810c88d652b21b6013c47ba8efa274ca1
  languageName: node
  linkType: hard

"ecdsa-sig-formatter@npm:1.0.11":
  version: 1.0.11
  resolution: "ecdsa-sig-formatter@npm:1.0.11"
  dependencies:
    safe-buffer: ^5.0.1
  checksum: ebfbf19d4b8be938f4dd4a83b8788385da353d63307ede301a9252f9f7f88672e76f2191618fd8edfc2f24679236064176fab0b78131b161ee73daa37125408c
  languageName: node
  linkType: hard

"extend@npm:~3.0.2":
  version: 3.0.2
  resolution: "extend@npm:3.0.2"
  checksum: 73bf6e27406e80aa3e85b0d1c4fd987261e628064e170ca781125c0b635a3dabad5e05adbf07595ea0cf1e6c5396cacb214af933da7cbaf24fe75ff14818e8f9
  languageName: node
  linkType: hard

"extsprintf@npm:1.3.0":
  version: 1.3.0
  resolution: "extsprintf@npm:1.3.0"
  checksum: f75114a8388f0cbce68e277b6495dc3930db4dde1611072e4a140c24e204affd77320d004b947a132e9a3b97b8253017b2b62dce661975fb0adced707abf1ab5
  languageName: node
  linkType: hard

"extsprintf@npm:^1.2.0":
  version: 1.4.1
  resolution: "extsprintf@npm:1.4.1"
  checksum: e10e2769985d0e9b6c7199b053a9957589d02e84de42832c295798cb422a025e6d4a92e0259c1fb4d07090f5bfde6b55fd9f880ac5855bd61d775f8ab75a7ab0
  languageName: node
  linkType: hard

"fast-deep-equal@npm:^3.1.1":
  version: 3.1.3
  resolution: "fast-deep-equal@npm:3.1.3"
  checksum: 40dedc862eb8992c54579c66d914635afbec43350afbbe991235fdcb4e3a8d5af1b23ae7e79bef7d4882d0ecee06c3197488026998fb19f72dc95acff1d1b1d0
  languageName: node
  linkType: hard

"fast-json-stable-stringify@npm:^2.0.0":
  version: 2.1.0
  resolution: "fast-json-stable-stringify@npm:2.1.0"
  checksum: 7f081eb0b8a64e0057b3bb03f974b3ef00135fbf36c1c710895cd9300f13c94ba809bb3a81cf4e1b03f6e5285610a61abbd7602d0652de423144dfee5a389c9b
  languageName: node
  linkType: hard

"forever-agent@npm:~0.6.1":
  version: 0.6.1
  resolution: "forever-agent@npm:0.6.1"
  checksum: 364f7f5f7d93ab661455351ce116a67877b66f59aca199559a999bd39e3cfadbfbfacc10415a915255e2210b30c23febe9aec3ca16bf2d1ff11c935a1000e24c
  languageName: node
  linkType: hard

"form-data@npm:^2.5.0":
  version: 2.5.1
  resolution: "form-data@npm:2.5.1"
  dependencies:
    asynckit: ^0.4.0
    combined-stream: ^1.0.6
    mime-types: ^2.1.12
  checksum: 7e8fb913b84a7ac04074781a18d0f94735bbe82815ff35348803331f6480956ff0035db5bcf15826edee09fe01e665cfac664678f1526646a6374ee13f960e56
  languageName: node
  linkType: hard

"form-data@npm:^3.0.0":
  version: 3.0.1
  resolution: "form-data@npm:3.0.1"
  dependencies:
    asynckit: ^0.4.0
    combined-stream: ^1.0.8
    mime-types: ^2.1.12
  checksum: 1ccc3ae064a080a799923f754d49fcebdd90515a8924f0f54de557540b50e7f1fe48ba5f2bd0435a5664aa2d49729107e6aaf2155a9abf52339474c5638b4485
  languageName: node
  linkType: hard

"getpass@npm:^0.1.1":
  version: 0.1.7
  resolution: "getpass@npm:0.1.7"
  dependencies:
    assert-plus: ^1.0.0
  checksum: c13f8530ecf16fc509f3fa5cd8dd2129ffa5d0c7ccdf5728b6022d52954c2d24be3706b4cdf15333eec52f1fbb43feb70a01dabc639d1d10071e371da8aaa52f
  languageName: node
  linkType: hard

"har-schema@npm:^2.0.0":
  version: 2.0.0
  resolution: "har-schema@npm:2.0.0"
  checksum: 3856cb76152658e0002b9c2b45b4360bb26b3e832c823caed8fcf39a01096030bf09fa5685c0f7b0f2cb3ecba6e9dce17edaf28b64a423d6201092e6be56e592
  languageName: node
  linkType: hard

"har-validator@npm:~5.1.3":
  version: 5.1.5
  resolution: "har-validator@npm:5.1.5"
  dependencies:
    ajv: ^6.12.3
    har-schema: ^2.0.0
  checksum: f1d606eb1021839e3a905be5ef7cca81c2256a6be0748efb8fefc14312214f9e6c15d7f2eaf37514104071207d84f627b68bb9f6178703da4e06fbd1a0649a5e
  languageName: node
  linkType: hard

"http-signature@npm:~1.3.1":
  version: 1.3.6
  resolution: "http-signature@npm:1.3.6"
  dependencies:
    assert-plus: ^1.0.0
    jsprim: ^2.0.2
    sshpk: ^1.14.1
  checksum: f8d15d8c91a5a80805530e2f401a3f83ed55162058651d86ad00df294b159a54e001b5d00e04983f7542a55865aee02d2d83d68c8499137ff2bc142553d8dfc2
  languageName: node
  linkType: hard

"is-plain-object@npm:^5.0.0":
  version: 5.0.0
  resolution: "is-plain-object@npm:5.0.0"
  checksum: 893e42bad832aae3511c71fd61c0bf61aa3a6d853061c62a307261842727d0d25f761ce9379f7ba7226d6179db2a3157efa918e7fe26360f3bf0842d9f28942c
  languageName: node
  linkType: hard

"is-typedarray@npm:~1.0.0":
  version: 1.0.0
  resolution: "is-typedarray@npm:1.0.0"
  checksum: 4c096275ba041a17a13cca33ac21c16bc4fd2d7d7eb94525e7cd2c2f2c1a3ab956e37622290642501ff4310601e413b675cf399ad6db49855527d2163b3eeeec
  languageName: node
  linkType: hard

"isstream@npm:~0.1.2":
  version: 0.1.2
  resolution: "isstream@npm:0.1.2"
  checksum: a6686a878735ca0a48e0d674dd6d8ad31aedfaf70f07920da16ceadc7577b46d67179a60b313f2e6860cb097a2c2eb3cbd0b89e921ae89199a59a17c3273d66f
  languageName: node
  linkType: hard

"jira-client@npm:^8.1.0":
  version: 8.1.0
  resolution: "jira-client@npm:8.1.0"
  dependencies:
    "@babel/runtime": ^7.6.0
    postman-request: ^2.88.1-postman.30
  checksum: a0d0af14177dc6524e0549cd13787dd466462dd8daecdaf5d84e808a44dab7fc9a39a593c1d27c41f12e80c9c4c401137392429a21a1c00a7d0e2cb29aecec4e
  languageName: node
  linkType: hard

"js-yaml@npm:^4.1.0":
  version: 4.1.0
  resolution: "js-yaml@npm:4.1.0"
  dependencies:
    argparse: ^2.0.1
  bin:
    js-yaml: bin/js-yaml.js
  checksum: 184a24b4eaacfce40ad9074c64fd42ac83cf74d8c8cd137718d456ced75051229e5061b8633c3366b8aada17945a7a356b337828c19da92b51ae62126575018f
  languageName: node
  linkType: hard

"jsbn@npm:~0.1.0":
  version: 0.1.1
  resolution: "jsbn@npm:0.1.1"
  checksum: e046e05c59ff880ee4ef68902dbdcb6d2f3c5d60c357d4d68647dc23add556c31c0e5f41bdb7e69e793dd63468bd9e085da3636341048ef577b18f5b713877c0
  languageName: node
  linkType: hard

"json-schema-traverse@npm:^0.4.1":
  version: 0.4.1
  resolution: "json-schema-traverse@npm:0.4.1"
  checksum: 108fa90d4cc6f08243aedc6da16c408daf81793bf903e9fd5ab21983cda433d5d2da49e40711da016289465ec2e62e0324dcdfbc06275a607fe3233fde4942ce
  languageName: node
  linkType: hard

"json-schema@npm:0.4.0":
  version: 0.4.0
  resolution: "json-schema@npm:0.4.0"
  checksum: d4a637ec1d83544857c1c163232f3da46912e971d5bf054ba44fdb88f07d8d359a462b4aec46f2745efbc57053365608d88bc1d7b1729f7b4fc3369765639ed3
  languageName: node
  linkType: hard

"json-stringify-safe@npm:~5.0.1":
  version: 5.0.1
  resolution: "json-stringify-safe@npm:5.0.1"
  checksum: 7dbf35cd0411d1d648dceb6d59ce5857ec939e52e4afc37601aa3da611f0987d5cee5b38d58329ceddf3ed48bd7215229c8d52059ab01f2444a338bf24ed0f37
  languageName: node
  linkType: hard

"jsonwebtoken@npm:^8.5.1":
  version: 8.5.1
  resolution: "jsonwebtoken@npm:8.5.1"
  dependencies:
    jws: ^3.2.2
    lodash.includes: ^4.3.0
    lodash.isboolean: ^3.0.3
    lodash.isinteger: ^4.0.4
    lodash.isnumber: ^3.0.3
    lodash.isplainobject: ^4.0.6
    lodash.isstring: ^4.0.1
    lodash.once: ^4.0.0
    ms: ^2.1.1
    semver: ^5.6.0
  checksum: c5ad937b6fa23a230efa8ed8ca3c0da8ebfdd377bafc3e8432a11b03ef90e733400a00b26c0dfee47db44a2e64b88b154b57e9926a92990f98dd25aaed15006e
  languageName: node
  linkType: hard

"jsprim@npm:^2.0.2":
  version: 2.0.2
  resolution: "jsprim@npm:2.0.2"
  dependencies:
    assert-plus: 1.0.0
    extsprintf: 1.3.0
    json-schema: 0.4.0
    verror: 1.10.0
  checksum: 677be2d41df536c92c6d0114a492ef197084018cfbb1a3e10b1fa1aad889564b2e3a7baa6af7949cc2d73678f42368b0be165a26bd4e4de6883a30dd6a24e98d
  languageName: node
  linkType: hard

"jwa@npm:^1.4.1":
  version: 1.4.1
  resolution: "jwa@npm:1.4.1"
  dependencies:
    buffer-equal-constant-time: 1.0.1
    ecdsa-sig-formatter: 1.0.11
    safe-buffer: ^5.0.1
  checksum: 5c533540bf38702e73cf14765805a94027c66a0aa8b16bc3e89d8d905e61a4ce2791e87e21be97d1293a5ee9d4f3e5e47737e671768265ca4f25706db551d5e9
  languageName: node
  linkType: hard

"jws@npm:^3.2.2":
  version: 3.2.2
  resolution: "jws@npm:3.2.2"
  dependencies:
    jwa: ^1.4.1
    safe-buffer: ^5.0.1
  checksum: e770704533d92df358adad7d1261fdecad4d7b66fa153ba80d047e03ca0f1f73007ce5ed3fbc04d2eba09ba6e7e6e645f351e08e5ab51614df1b0aa4f384dfff
  languageName: node
  linkType: hard

"lodash.includes@npm:^4.3.0":
  version: 4.3.0
  resolution: "lodash.includes@npm:4.3.0"
  checksum: 7ca498b9b75bf602d04e48c0adb842dfc7d90f77bcb2a91a2b2be34a723ad24bc1c8b3683ec6b2552a90f216c723cdea530ddb11a3320e08fa38265703978f4b
  languageName: node
  linkType: hard

"lodash.isboolean@npm:^3.0.3":
  version: 3.0.3
  resolution: "lodash.isboolean@npm:3.0.3"
  checksum: 0aac604c1ef7e72f9a6b798e5b676606042401dd58e49f051df3cc1e3adb497b3d7695635a5cbec4ae5f66456b951fdabe7d6b387055f13267cde521f10ec7f7
  languageName: node
  linkType: hard

"lodash.isinteger@npm:^4.0.4":
  version: 4.0.4
  resolution: "lodash.isinteger@npm:4.0.4"
  checksum: 4c3e023a2373bf65bf366d3b8605b97ec830bca702a926939bcaa53f8e02789b6a176e7f166b082f9365bfec4121bfeb52e86e9040cb8d450e64c858583f61b7
  languageName: node
  linkType: hard

"lodash.isnumber@npm:^3.0.3":
  version: 3.0.3
  resolution: "lodash.isnumber@npm:3.0.3"
  checksum: 2d01530513a1ee4f72dd79528444db4e6360588adcb0e2ff663db2b3f642d4bb3d687051ae1115751ca9082db4fdef675160071226ca6bbf5f0c123dbf0aa12d
  languageName: node
  linkType: hard

"lodash.isplainobject@npm:^4.0.6":
  version: 4.0.6
  resolution: "lodash.isplainobject@npm:4.0.6"
  checksum: afd70b5c450d1e09f32a737bed06ff85b873ecd3d3d3400458725283e3f2e0bb6bf48e67dbe7a309eb371a822b16a26cca4a63c8c52db3fc7dc9d5f9dd324cbb
  languageName: node
  linkType: hard

"lodash.isstring@npm:^4.0.1":
  version: 4.0.1
  resolution: "lodash.isstring@npm:4.0.1"
  checksum: 09eaf980a283f9eef58ef95b30ec7fee61df4d6bf4aba3b5f096869cc58f24c9da17900febc8ffd67819b4e29de29793190e88dc96983db92d84c95fa85d1c92
  languageName: node
  linkType: hard

"lodash.once@npm:^4.0.0":
  version: 4.1.1
  resolution: "lodash.once@npm:4.1.1"
  checksum: 46a9a0a66c45dd812fcc016e46605d85ad599fe87d71a02f6736220554b52ffbe82e79a483ad40f52a8a95755b0d1077fba259da8bfb6694a7abbf4a48f1fc04
  languageName: node
  linkType: hard

"lru-cache@npm:^6.0.0":
  version: 6.0.0
  resolution: "lru-cache@npm:6.0.0"
  dependencies:
    yallist: ^4.0.0
  checksum: cb53e582785c48187d7a188d3379c181b5ca2a9c78d2bce3e7dee36f32761d1c42983da3fe12b55cb74e1779fa94cdc2e5367c028a9b35317184ede0c07a30a9
  languageName: node
  linkType: hard

"make-error@npm:^1.1.1":
  version: 1.3.6
  resolution: "make-error@npm:1.3.6"
  checksum: 171e458d86854c6b3fc46610cfacf0b45149ba043782558c6875d9f42f222124384ad0b468c92e996d815a8a2003817a710c0a160e49c1c394626f76fa45396f
  languageName: node
  linkType: hard

"mime-db@npm:1.51.0":
  version: 1.51.0
  resolution: "mime-db@npm:1.51.0"
  checksum: 0019c731d3967b62e4aefa1d416709386649305cc5a94dd13d315960c8111a0a9c4d1dc542545e69a476e316df4fc03de18dbc83a82e97aefdb046267649a548
  languageName: node
  linkType: hard

"mime-db@npm:1.52.0":
  version: 1.52.0
  resolution: "mime-db@npm:1.52.0"
  checksum: 0557a01deebf45ac5f5777fe7740b2a5c309c6d62d40ceab4e23da9f821899ce7a900b7ac8157d4548ddbb7beffe9abc621250e6d182b0397ec7f10c7b91a5aa
  languageName: node
  linkType: hard

"mime-types@npm:^2.1.12":
  version: 2.1.34
  resolution: "mime-types@npm:2.1.34"
  dependencies:
    mime-db: 1.51.0
  checksum: 7cb55d499f67fbaa9b4e5da552c54ae5c9ac1d57df93f89e2af185d2f3e7a3e6f2030b5b248fec2130f659ebcd9a40e51f63f91006b3ea876b3cadf4755ea410
  languageName: node
  linkType: hard

"mime-types@npm:~2.1.19":
  version: 2.1.35
  resolution: "mime-types@npm:2.1.35"
  dependencies:
    mime-db: 1.52.0
  checksum: 82fb07ec56d8ff1fc999a84f2f217aa46cb6ed1033fefaabd5785b9a974ed225c90dc72fff460259e66b95b73648596dbcc50d51ed69cdf464af2d237d3149b2
  languageName: node
  linkType: hard

"ms@npm:^2.1.1":
  version: 2.1.2
  resolution: "ms@npm:2.1.2"
  checksum: a437714e2f90dbf881b5191d35a6db792efbca5badf112f87b9e1c712aace4b4b9b742dd6537f3edf90fd6f684de897cec230abde57e87883766712ddda297cc
  languageName: node
  linkType: hard

"node-fetch@npm:^2.6.7":
  version: 2.6.7
  resolution: "node-fetch@npm:2.6.7"
  dependencies:
    whatwg-url: ^5.0.0
  peerDependencies:
    encoding: ^0.1.0
  peerDependenciesMeta:
    encoding:
      optional: true
  checksum: fcae80f5ac52fbf5012f5e19df2bd3915e67d3b3ad51cb5942943df2238d32ba15890fecabd0e166876a9f98a581ab50f3f10eb942b09405c49ef8da36b826c7
  languageName: node
  linkType: hard

"oauth-sign@npm:~0.9.0":
  version: 0.9.0
  resolution: "oauth-sign@npm:0.9.0"
  checksum: fc92a516f6ddbb2699089a2748b04f55c47b6ead55a77cd3a2cbbce5f7af86164cb9425f9ae19acfd066f1ad7d3a96a67b8928c6ea946426f6d6c29e448497c2
  languageName: node
  linkType: hard

"once@npm:^1.4.0":
  version: 1.4.0
  resolution: "once@npm:1.4.0"
  dependencies:
    wrappy: 1
  checksum: 5d48aca287dfefabd756621c5dfce5c91a549a93e9fdb7b8246bc4c4790aa2ec17b34a260530474635147aeb631a2dcc8b32c613df0675f96041cbb8244517d0
  languageName: node
  linkType: hard

"performance-now@npm:^2.1.0":
  version: 2.1.0
  resolution: "performance-now@npm:2.1.0"
  checksum: 22c54de06f269e29f640e0e075207af57de5052a3d15e360c09b9a8663f393f6f45902006c1e71aa8a5a1cdfb1a47fe268826f8496d6425c362f00f5bc3e85d9
  languageName: node
  linkType: hard

"postman-request@npm:^2.88.1-postman.30":
  version: 2.88.1-postman.31
  resolution: "postman-request@npm:2.88.1-postman.31"
  dependencies:
    "@postman/form-data": ~3.1.1
    "@postman/tunnel-agent": ^0.6.3
    aws-sign2: ~0.7.0
    aws4: ^1.8.0
    brotli: ~1.3.2
    caseless: ~0.12.0
    combined-stream: ~1.0.6
    extend: ~3.0.2
    forever-agent: ~0.6.1
    har-validator: ~5.1.3
    http-signature: ~1.3.1
    is-typedarray: ~1.0.0
    isstream: ~0.1.2
    json-stringify-safe: ~5.0.1
    mime-types: ~2.1.19
    oauth-sign: ~0.9.0
    performance-now: ^2.1.0
    qs: ~6.5.2
    safe-buffer: ^5.1.2
    stream-length: ^1.0.2
    tough-cookie: ~2.5.0
    uuid: ^3.3.2
  checksum: c6fa007701f352ef15ca0e9440beb9d5ea36f4e19752ec7d0e90b584b95f44a9966a568b7723ac96a9db82d17e6ebbaa8258ba103fb82b33905a2f57af8164aa
  languageName: node
  linkType: hard

"psl@npm:^1.1.28":
  version: 1.8.0
  resolution: "psl@npm:1.8.0"
  checksum: b5f1956f7530860e1918e7238291689fdc3cab9c2c0cdbc47cde21addcc7f62495d794692cc1e43e54728d273f78037e8e73ac43009509a1a7f823341f4039c8
  languageName: node
  linkType: hard

"punycode@npm:^2.1.0, punycode@npm:^2.1.1":
  version: 2.1.1
  resolution: "punycode@npm:2.1.1"
  checksum: 83815ca9b9177f055771f31980cbec7ffaef10257d50a95ab99b4a30f0404846e85fa6887ee1bbc0aaddb7bad6d96e2fa150a016051ff0f6b92be4ad613ddca8
  languageName: node
  linkType: hard

"qs@npm:~6.5.2":
  version: 6.5.3
  resolution: "qs@npm:6.5.3"
  checksum: 6631d4f2fa9d315e480662646745a4aa3a708817fbffe2cbdacec8ab9be130f92740c66191770fe9b704bc5fa9c1cc1f6596f55ad132fef7bd3ad1582f199eb0
  languageName: node
  linkType: hard

"regenerator-runtime@npm:^0.13.4":
  version: 0.13.9
  resolution: "regenerator-runtime@npm:0.13.9"
  checksum: b0f26612204f061a84064d2f3361629eae09993939112b9ffc3680bb369ecd125764d6654eace9ef11b36b44282ee52b988dda946ea52d372e7599a30eea73ee
  languageName: node
  linkType: hard

"safe-buffer@npm:^5.0.1, safe-buffer@npm:^5.1.2":
  version: 5.2.1
  resolution: "safe-buffer@npm:5.2.1"
  checksum: 6501914237c0a86e9675d4e51d89ca3c21ffd6a31642efeba25ad65720bce6921c9e7e974e5be91a786b25aa058b5303285d3c15dbabf983a919f5f630d349f3
  languageName: node
  linkType: hard

"safer-buffer@npm:^2.0.2, safer-buffer@npm:^2.1.0, safer-buffer@npm:~2.1.0":
  version: 2.1.2
  resolution: "safer-buffer@npm:2.1.2"
  checksum: 7e3c8b2e88a1841c9671094bbaeebd94448111dd90a81a1f606f3f67708a6ec57763b3b47f06da09fc6054193e0e6709e77325415dc8422b04497a8070fa02d4
  languageName: node
  linkType: hard

"semver@npm:^5.6.0":
  version: 5.7.1
  resolution: "semver@npm:5.7.1"
  bin:
    semver: ./bin/semver
  checksum: d4884f2aeca28bff35d0bd40ff0a9b2dfc4b36a883bf0ea5dc15d10d9a01bdc9041035b05f825d4b5ac8a56e490703dbf0d986d054de82cc5e9bad3f02ca6e00
  languageName: node
  linkType: hard

"sshpk@npm:^1.14.1":
  version: 1.17.0
  resolution: "sshpk@npm:1.17.0"
  dependencies:
    asn1: ~0.2.3
    assert-plus: ^1.0.0
    bcrypt-pbkdf: ^1.0.0
    dashdash: ^1.12.0
    ecc-jsbn: ~0.1.1
    getpass: ^0.1.1
    jsbn: ~0.1.0
    safer-buffer: ^2.0.2
    tweetnacl: ~0.14.0
  bin:
    sshpk-conv: bin/sshpk-conv
    sshpk-sign: bin/sshpk-sign
    sshpk-verify: bin/sshpk-verify
  checksum: cf5e7f4c72e8a505ef41daac9f9ca26da365cfe26ae265a01ce98a8868991943857a8526c1cf98a42ef0dc4edf1dbe4e77aeea378cfeb58054beb78505e85402
  languageName: node
  linkType: hard

"stream-length@npm:^1.0.2":
  version: 1.0.2
  resolution: "stream-length@npm:1.0.2"
  dependencies:
    bluebird: ^2.6.2
  checksum: 30d8aacf47cba78f914b33f8274dd9ce8f4265bdd0de1943438e60b195f80536cdd3c80bd6c029a2b4c6dd07e4df0909a1bd289a664a1dbbbaedfeb27e9491cb
  languageName: node
  linkType: hard

"tools@workspace:.":
  version: 0.0.0-use.local
  resolution: "tools@workspace:."
  dependencies:
    "@octokit/auth-app": ^4.0.4
    "@octokit/rest": ^19.0.3
    "@types/jira-client": ^7.1.4
    "@types/js-yaml": ^4.0.3
    "@types/node": ^18.0.3
    "@types/node-fetch": ^2.6.2
    commander: ^8.3.0
    jira-client: ^8.1.0
    js-yaml: ^4.1.0
    node-fetch: ^2.6.7
    ts-node: ^10.8.2
    typescript: ^4.7.4
  languageName: unknown
  linkType: soft

"tough-cookie@npm:~2.5.0":
  version: 2.5.0
  resolution: "tough-cookie@npm:2.5.0"
  dependencies:
    psl: ^1.1.28
    punycode: ^2.1.1
  checksum: e1cadfb24d40d64ca16de05fa8192bc097b66aeeb2704199b055ff12f450e4f30c927ce250f53d01f39baad18e1c11d66f65e545c5c6269de4c366fafa4c0543
  languageName: node
  linkType: hard

"tr46@npm:~0.0.3":
  version: 0.0.3
  resolution: "tr46@npm:0.0.3"
  checksum: 047cb209a6b60c742f05c9d3ace8fa510bff609995c129a37ace03476a9b12db4dbf975e74600830ef0796e18882b2381fb5fb1f6b4f96b832c374de3ab91a11
  languageName: node
  linkType: hard

"ts-node@npm:^10.8.2":
  version: 10.8.2
  resolution: "ts-node@npm:10.8.2"
  dependencies:
    "@cspotcode/source-map-support": ^0.8.0
    "@tsconfig/node10": ^1.0.7
    "@tsconfig/node12": ^1.0.7
    "@tsconfig/node14": ^1.0.0
    "@tsconfig/node16": ^1.0.2
    acorn: ^8.4.1
    acorn-walk: ^8.1.1
    arg: ^4.1.0
    create-require: ^1.1.0
    diff: ^4.0.1
    make-error: ^1.1.1
    v8-compile-cache-lib: ^3.0.1
    yn: 3.1.1
  peerDependencies:
    "@swc/core": ">=1.2.50"
    "@swc/wasm": ">=1.2.50"
    "@types/node": "*"
    typescript: ">=2.7"
  peerDependenciesMeta:
    "@swc/core":
      optional: true
    "@swc/wasm":
      optional: true
  bin:
    ts-node: dist/bin.js
    ts-node-cwd: dist/bin-cwd.js
    ts-node-esm: dist/bin-esm.js
    ts-node-script: dist/bin-script.js
    ts-node-transpile-only: dist/bin-transpile.js
    ts-script: dist/bin-script-deprecated.js
  checksum: 4abdce27533810b473af1ca46bff6cee1b230545fee6ca43fd0c0b89aaa9d13d4813b52111ff91a2e06167ceb6811dbfb1dd031b8bc8b242103afda6abf9a501
  languageName: node
  linkType: hard

"tweetnacl@npm:^0.14.3, tweetnacl@npm:~0.14.0":
  version: 0.14.5
  resolution: "tweetnacl@npm:0.14.5"
  checksum: 4612772653512c7bc19e61923fbf42903f5e0389ec76a4a1f17195859d114671ea4aa3b734c2029ce7e1fa7e5cc8b80580f67b071ecf0b46b5636d030a0102a2
  languageName: node
  linkType: hard

"typescript@npm:^4.7.4":
  version: 4.7.4
  resolution: "typescript@npm:4.7.4"
  bin:
    tsc: bin/tsc
    tsserver: bin/tsserver
  checksum: 8c1c4007b6ce5b24c49f0e89173ab9e82687cc6ae54418d1140bb63b82d6598d085ac0f993fe3d3d1fbf87a2c76f1f81d394dc76315bc72c7a9f8561c5d8d205
  languageName: node
  linkType: hard

"typescript@patch:typescript@^4.7.4#~builtin<compat/typescript>":
  version: 4.7.4
  resolution: "typescript@patch:typescript@npm%3A4.7.4#~builtin<compat/typescript>::version=4.7.4&hash=701156"
  bin:
    tsc: bin/tsc
    tsserver: bin/tsserver
  checksum: 2eb6e31b04fabec84a4d07b5d567deb5ef0a2971d89d9adb16895f148f7d8508adfb12074abc2efc6966805d3664e68ab67925060e5b0ebd8da616db4b151906
  languageName: node
  linkType: hard

"universal-github-app-jwt@npm:^1.0.1":
  version: 1.1.0
  resolution: "universal-github-app-jwt@npm:1.1.0"
  dependencies:
    "@types/jsonwebtoken": ^8.3.3
    jsonwebtoken: ^8.5.1
  checksum: 48d0b58527c32bb4dad8d165649a4674c9c6c6ee00f56a5358f8079e063b6fefbf9c014269ca69e1c92b9a299faec6a6fa6a1b2b0029468fd35d776786aa7dc3
  languageName: node
  linkType: hard

"universal-user-agent@npm:^6.0.0":
  version: 6.0.0
  resolution: "universal-user-agent@npm:6.0.0"
  checksum: ebeb0206963666c13bcf9ebc86d0577c7daed5870c05cd34d4972ee7a43b9ef20679baf2a8c83bf1b71d899bae67243ac4982d84ddaf9ba0355ff76595819961
  languageName: node
  linkType: hard

"uri-js@npm:^4.2.2":
  version: 4.4.1
  resolution: "uri-js@npm:4.4.1"
  dependencies:
    punycode: ^2.1.0
  checksum: 4ef57b45aa820d7ac6496e9208559986c665e49447cb072744c13b66925a362d96dd5a46c4530a6b8e203e5db5fe849369444440cb22ecfc26c679359e5dfa3c
  languageName: node
  linkType: hard

"uuid@npm:^3.3.2":
  version: 3.4.0
  resolution: "uuid@npm:3.4.0"
  bin:
    uuid: ./bin/uuid
  checksum: 1c13950df865c4f506ebfe0a24023571fa80edf2e62364297a537c80af09c618299797bbf2dbac6b1f8ae5ad182ba474b89db61e0e85839683991f7e08795347
  languageName: node
  linkType: hard

"v8-compile-cache-lib@npm:^3.0.1":
  version: 3.0.1
  resolution: "v8-compile-cache-lib@npm:3.0.1"
  checksum: bdc36fb8095d3b41df197f5fb6f11e3a26adf4059df3213e3baa93810d8f0cc76f9a74aaefc18b73e91fe7e19154ed6f134eda6fded2e0f1c8d2272ed2d2d391
  languageName: node
  linkType: hard

"verror@npm:1.10.0":
  version: 1.10.0
  resolution: "verror@npm:1.10.0"
  dependencies:
    assert-plus: ^1.0.0
    core-util-is: 1.0.2
    extsprintf: ^1.2.0
  checksum: 37ccdf8542b5863c525128908ac80f2b476eed36a32cb944de930ca1e2e78584cc435c4b9b4c68d0fc13a47b45ff364b4be43aa74f8804f9050140f660fb660d
  languageName: node
  linkType: hard

"webidl-conversions@npm:^3.0.0":
  version: 3.0.1
  resolution: "webidl-conversions@npm:3.0.1"
  checksum: 5612d5f3e54760a797052eb4927f0ddc01383550f542ccd33d5238cfd65aeed392a45ad38364970d0a0f4fea32e1f4d231b3d8dac4a3bdd385e5cf802ae097db
  languageName: node
  linkType: hard

"whatwg-url@npm:^5.0.0":
  version: 5.0.0
  resolution: "whatwg-url@npm:5.0.0"
  dependencies:
    tr46: ~0.0.3
    webidl-conversions: ^3.0.0
  checksum: 1588bed84d10b72d5eec1d0faa0722ba1962f1821e7539c535558fb5398d223b0c50d8acab950b8c488b4ba69043fd833cc2697056b167d8ad46fac3995a55d5
  languageName: node
  linkType: hard

"wrappy@npm:1":
  version: 1.0.2
  resolution: "wrappy@npm:1.0.2"
  checksum: 56fece1a4018c6a6c8e28fbc88c87e0fbf4ea8fd64fc6c63b18f4acc4bd13e0ad2515189786dd2c30d3eec9663d70f4ecf699330002f8ccb547e4a18231fc9f0
  languageName: node
  linkType: hard

"yallist@npm:^4.0.0":
  version: 4.0.0
  resolution: "yallist@npm:4.0.0"
  checksum: 2286b5e8dbfe22204ab66e2ef5cc9bbb1e55dfc873bbe0d568aa943eb255d131890dfd5bf243637273d31119b870f49c18fcde2c6ffbb7a7a092b870dc90625a
  languageName: node
  linkType: hard

"yn@npm:3.1.1":
  version: 3.1.1
  resolution: "yn@npm:3.1.1"
  checksum: 0732468dd7622ed8a274f640f191f3eaf1f39d5349a1b72836df484998d7d9807fbea094e2f5486d6b0cd2414aad5775972df0e68f8604db89a239f0f4bf7443
  languageName: node
  linkType: hard
